{
  "version": 4,
  "terraform_version": "1.14.3",
  "serial": 882,
  "lineage": "767b514a-ef11-c429-972b-1c0c90a0faf4",
  "outputs": {
    "debian_imagez": {
      "value": {
        "allow_unsafe_filter": null,
        "architecture": "x86_64",
        "arn": "arn:aws:ec2:eu-central-1::image/ami-0028afba412f29fce",
        "block_device_mappings": [
          {
            "device_name": "/dev/xvda",
            "ebs": {
              "delete_on_termination": "true",
              "encrypted": "false",
              "iops": "3000",
              "snapshot_id": "snap-06a68cd8e16495594",
              "throughput": "125",
              "volume_initialization_rate": "0",
              "volume_size": "8",
              "volume_type": "gp3"
            },
            "no_device": "",
            "virtual_name": ""
          }
        ],
        "boot_mode": "",
        "creation_date": "2025-11-29T16:00:10.000Z",
        "deprecation_time": "2027-11-29T16:00:10.000Z",
        "description": "Debian 13-backports (20251129-2311)",
        "ena_support": true,
        "executable_users": null,
        "filter": [
          {
            "name": "name",
            "values": [
              "*debian*"
            ]
          }
        ],
        "hypervisor": "xen",
        "id": "ami-0028afba412f29fce",
        "image_id": "ami-0028afba412f29fce",
        "image_location": "amazon/debian-13-backports-amd64-20251129-2311",
        "image_owner_alias": "amazon",
        "image_type": "machine",
        "imds_support": "",
        "include_deprecated": false,
        "kernel_id": "",
        "last_launched_time": "",
        "most_recent": true,
        "name": "debian-13-backports-amd64-20251129-2311",
        "name_regex": null,
        "owner_id": "136693071363",
        "owners": [
          "amazon"
        ],
        "platform": "",
        "platform_details": "Linux/UNIX",
        "product_codes": [],
        "public": true,
        "ramdisk_id": "",
        "region": "eu-central-1",
        "root_device_name": "/dev/xvda",
        "root_device_type": "ebs",
        "root_snapshot_id": "snap-06a68cd8e16495594",
        "sriov_net_support": "simple",
        "state": "available",
        "state_reason": {
          "code": "UNSET",
          "message": "UNSET"
        },
        "tags": {},
        "timeouts": null,
        "tpm_support": "",
        "uefi_data": null,
        "usage_operation": "RunInstances",
        "virtualization_type": "hvm"
      },
      "type": [
        "object",
        {
          "allow_unsafe_filter": "bool",
          "architecture": "string",
          "arn": "string",
          "block_device_mappings": [
            "set",
            [
              "object",
              {
                "device_name": "string",
                "ebs": [
                  "map",
                  "string"
                ],
                "no_device": "string",
                "virtual_name": "string"
              }
            ]
          ],
          "boot_mode": "string",
          "creation_date": "string",
          "deprecation_time": "string",
          "description": "string",
          "ena_support": "bool",
          "executable_users": [
            "list",
            "string"
          ],
          "filter": [
            "set",
            [
              "object",
              {
                "name": "string",
                "values": [
                  "set",
                  "string"
                ]
              }
            ]
          ],
          "hypervisor": "string",
          "id": "string",
          "image_id": "string",
          "image_location": "string",
          "image_owner_alias": "string",
          "image_type": "string",
          "imds_support": "string",
          "include_deprecated": "bool",
          "kernel_id": "string",
          "last_launched_time": "string",
          "most_recent": "bool",
          "name": "string",
          "name_regex": "string",
          "owner_id": "string",
          "owners": [
            "list",
            "string"
          ],
          "platform": "string",
          "platform_details": "string",
          "product_codes": [
            "set",
            [
              "object",
              {
                "product_code_id": "string",
                "product_code_type": "string"
              }
            ]
          ],
          "public": "bool",
          "ramdisk_id": "string",
          "region": "string",
          "root_device_name": "string",
          "root_device_type": "string",
          "root_snapshot_id": "string",
          "sriov_net_support": "string",
          "state": "string",
          "state_reason": [
            "map",
            "string"
          ],
          "tags": [
            "map",
            "string"
          ],
          "timeouts": [
            "object",
            {
              "read": "string"
            }
          ],
          "tpm_support": "string",
          "uefi_data": "string",
          "usage_operation": "string",
          "virtualization_type": "string"
        }
      ]
    },
    "private_subnetz": {
      "value": {
        "filter": [
          {
            "name": "tag:Name",
            "values": [
              "priv*"
            ]
          },
          {
            "name": "vpc-id",
            "values": [
              "vpc-01f7ee6cf357c357e"
            ]
          }
        ],
        "id": "eu-central-1",
        "ids": [
          "subnet-054b1f5d3bbf3132a",
          "subnet-03632707853315aa3",
          "subnet-0166e7ff87f77822b"
        ],
        "region": "eu-central-1",
        "tags": null,
        "timeouts": null
      },
      "type": [
        "object",
        {
          "filter": [
            "set",
            [
              "object",
              {
                "name": "string",
                "values": [
                  "set",
                  "string"
                ]
              }
            ]
          ],
          "id": "string",
          "ids": [
            "list",
            "string"
          ],
          "region": "string",
          "tags": [
            "map",
            "string"
          ],
          "timeouts": [
            "object",
            {
              "read": "string"
            }
          ]
        }
      ]
    },
    "private_subnetz_ids": {
      "value": [
        "subnet-054b1f5d3bbf3132a",
        "subnet-03632707853315aa3",
        "subnet-0166e7ff87f77822b"
      ],
      "type": [
        "list",
        "string"
      ]
    },
    "public_subnetz": {
      "value": {
        "filter": [
          {
            "name": "tag:Name",
            "values": [
              "public*"
            ]
          },
          {
            "name": "vpc-id",
            "values": [
              "vpc-01f7ee6cf357c357e"
            ]
          }
        ],
        "id": "eu-central-1",
        "ids": [
          "subnet-00c704047bdfbad7f",
          "subnet-08e00dac3b776f5cb",
          "subnet-041dc9c3f1e75f9c5"
        ],
        "region": "eu-central-1",
        "tags": null,
        "timeouts": null
      },
      "type": [
        "object",
        {
          "filter": [
            "set",
            [
              "object",
              {
                "name": "string",
                "values": [
                  "set",
                  "string"
                ]
              }
            ]
          ],
          "id": "string",
          "ids": [
            "list",
            "string"
          ],
          "region": "string",
          "tags": [
            "map",
            "string"
          ],
          "timeouts": [
            "object",
            {
              "read": "string"
            }
          ]
        }
      ]
    },
    "public_subnetz_ids": {
      "value": [
        "subnet-00c704047bdfbad7f",
        "subnet-08e00dac3b776f5cb",
        "subnet-041dc9c3f1e75f9c5"
      ],
      "type": [
        "list",
        "string"
      ]
    }
  },
  "resources": [
    {
      "mode": "data",
      "type": "aws_ami",
      "name": "debian",
      "provider": "provider[\"registry.terraform.io/hashicorp/aws\"]",
      "instances": [
        {
          "schema_version": 0,
          "attributes": {
            "allow_unsafe_filter": null,
            "architecture": "x86_64",
            "arn": "arn:aws:ec2:eu-central-1::image/ami-0028afba412f29fce",
            "block_device_mappings": [
              {
                "device_name": "/dev/xvda",
                "ebs": {
                  "delete_on_termination": "true",
                  "encrypted": "false",
                  "iops": "3000",
                  "snapshot_id": "snap-06a68cd8e16495594",
                  "throughput": "125",
                  "volume_initialization_rate": "0",
                  "volume_size": "8",
                  "volume_type": "gp3"
                },
                "no_device": "",
                "virtual_name": ""
              }
            ],
            "boot_mode": "",
            "creation_date": "2025-11-29T16:00:10.000Z",
            "deprecation_time": "2027-11-29T16:00:10.000Z",
            "description": "Debian 13-backports (20251129-2311)",
            "ena_support": true,
            "executable_users": null,
            "filter": [
              {
                "name": "name",
                "values": [
                  "*debian*"
                ]
              }
            ],
            "hypervisor": "xen",
            "id": "ami-0028afba412f29fce",
            "image_id": "ami-0028afba412f29fce",
            "image_location": "amazon/debian-13-backports-amd64-20251129-2311",
            "image_owner_alias": "amazon",
            "image_type": "machine",
            "imds_support": "",
            "include_deprecated": false,
            "kernel_id": "",
            "last_launched_time": "",
            "most_recent": true,
            "name": "debian-13-backports-amd64-20251129-2311",
            "name_regex": null,
            "owner_id": "136693071363",
            "owners": [
              "amazon"
            ],
            "platform": "",
            "platform_details": "Linux/UNIX",
            "product_codes": [],
            "public": true,
            "ramdisk_id": "",
            "region": "eu-central-1",
            "root_device_name": "/dev/xvda",
            "root_device_type": "ebs",
            "root_snapshot_id": "snap-06a68cd8e16495594",
            "sriov_net_support": "simple",
            "state": "available",
            "state_reason": {
              "code": "UNSET",
              "message": "UNSET"
            },
            "tags": {},
            "timeouts": null,
            "tpm_support": "",
            "uefi_data": null,
            "usage_operation": "RunInstances",
            "virtualization_type": "hvm"
          },
          "sensitive_attributes": [],
          "identity_schema_version": 0
        }
      ]
    },
    {
      "mode": "data",
      "type": "aws_region",
      "name": "current",
      "provider": "provider[\"registry.terraform.io/hashicorp/aws\"]",
      "instances": [
        {
          "schema_version": 0,
          "attributes": {
            "description": "Europe (Frankfurt)",
            "endpoint": "ec2.eu-central-1.amazonaws.com",
            "id": "eu-central-1",
            "name": "eu-central-1",
            "region": "eu-central-1"
          },
          "sensitive_attributes": [],
          "identity_schema_version": 0
        }
      ]
    },
    {
      "mode": "data",
      "type": "aws_subnets",
      "name": "private_subnetz",
      "provider": "provider[\"registry.terraform.io/hashicorp/aws\"]",
      "instances": [
        {
          "schema_version": 0,
          "attributes": {
            "filter": [
              {
                "name": "tag:Name",
                "values": [
                  "priv*"
                ]
              },
              {
                "name": "vpc-id",
                "values": [
                  "vpc-01f7ee6cf357c357e"
                ]
              }
            ],
            "id": "eu-central-1",
            "ids": [
              "subnet-054b1f5d3bbf3132a",
              "subnet-03632707853315aa3",
              "subnet-0166e7ff87f77822b"
            ],
            "region": "eu-central-1",
            "tags": null,
            "timeouts": null
          },
          "sensitive_attributes": [],
          "identity_schema_version": 0
        }
      ]
    },
    {
      "mode": "data",
      "type": "aws_subnets",
      "name": "public_subnetz",
      "provider": "provider[\"registry.terraform.io/hashicorp/aws\"]",
      "instances": [
        {
          "schema_version": 0,
          "attributes": {
            "filter": [
              {
                "name": "tag:Name",
                "values": [
                  "public*"
                ]
              },
              {
                "name": "vpc-id",
                "values": [
                  "vpc-01f7ee6cf357c357e"
                ]
              }
            ],
            "id": "eu-central-1",
            "ids": [
              "subnet-00c704047bdfbad7f",
              "subnet-08e00dac3b776f5cb",
              "subnet-041dc9c3f1e75f9c5"
            ],
            "region": "eu-central-1",
            "tags": null,
            "timeouts": null
          },
          "sensitive_attributes": [],
          "identity_schema_version": 0
        }
      ]
    },
    {
      "mode": "managed",
      "type": "aws_acm_certificate",
      "name": "acm_certificate00",
      "provider": "provider[\"registry.terraform.io/hashicorp/aws\"]",
      "instances": [
        {
          "schema_version": 0,
          "attributes": {
            "arn": "arn:aws:acm:eu-central-1:116914611070:certificate/809a1308-40b0-4773-8244-e558ee21f263",
            "certificate_authority_arn": "",
            "certificate_body": "-----BEGIN CERTIFICATE-----\r\nMIIENjCCAx6gAwIBAgIUBHYvSWzA0ggERo+LxGALpCm/78IwDQYJKoZIhvcNAQEL\r\nBQAwgYUxCzAJBgNVBAYTAlVTMRMwEQYDVQQIDApDYWxpZm9ybmlhMRYwFAYDVQQH\r\nDA1TYW4gRnJhbmNpc2NvMRUwEwYDVQQKDAxZb3VyIENvbXBhbnkxGDAWBgNVBAsM\r\nD1lvdXIgRGVwYXJ0bWVudDEYMBYGA1UEAwwPYWN1Y2FyYWNjaWEua29tMB4XDTI1\r\nMTIyMDE2MTUyMFoXDTI2MTIyMDE2MTUyMFowgYUxCzAJBgNVBAYTAlVTMRMwEQYD\r\nVQQIDApDYWxpZm9ybmlhMRYwFAYDVQQHDA1TYW4gRnJhbmNpc2NvMRUwEwYDVQQK\r\nDAxZb3VyIENvbXBhbnkxGDAWBgNVBAsMD1lvdXIgRGVwYXJ0bWVudDEYMBYGA1UE\r\nAwwPYWN1Y2FyYWNjaWEua29tMIIBIjANBgkqhkiG9w0BAQEFAAOCAQ8AMIIBCgKC\r\nAQEAt5jNTwy1Sixm86dFN8SQGP4PZ/2jOWeQdtYSBRLUJWD1F27llZomSplVUb+8\r\nYuggs8bXovQpPNrZb4KBqp6G+Md4NSG8DFxCsbULKG2p6jSUW8xGTHjh/AkwJ49E\r\nM1UE6ExP9xb2NUCAmgs/Il37G8HJucuydIgf/5vMSzfyUUBq0h4olXrP/o0O35gi\r\nGGck2B9EZFGfvFnnAPoHynSExIrmgPqnjku7K17kNWjch5Wexm40ZG9itZpUSOAt\r\n9vdFpaayyGJ2z5/dNwWsq9Ss7Uj0r50CJ83Oy/tdRLRJBG//U3yxZ6iLwtKFCVug\r\nYYXajt80dp3+PmVDjhNJj1j9rwIDAQABo4GbMIGYMB0GA1UdDgQWBBRgSOt++K89\r\n26znULp+/nHDbObLmzAfBgNVHSMEGDAWgBRgSOt++K8926znULp+/nHDbObLmzAP\r\nBgNVHRMBAf8EBTADAQH/MEUGA1UdEQQ+MDyCD2FjdWNhcmFjY2lhLmtvbYITd3d3\r\nLmFjdWNhcmFjY2lhLmtvbYIHcGxtLmNvbYILd3d3LnBsbS5jb20wDQYJKoZIhvcN\r\nAQELBQADggEBABSNf7GWJXxukfNoiImP0OaEX3Vrz/I8qkekK6mh0ld9DRT3NmWF\r\nDPRvhMajTPeJXMwTcwpB5aqFU4UjhkXPimSFUWdC4LV8Q+e43AiVXOx3yPfq9raY\r\nXSGxDAN3M+/O8Ov2wcffHd3c7og4K8QGyZYMuIL/8KaDKppQtSJpT97+pAhWL20a\r\nEMo5PYEik7vZQcPiYZFJqg0cGdV6h/anJmfLcsiB+RCdTdpNFYwx5hK+roAK22PP\r\nC1NzIQ9D+7a03nBt+9Zo6UzgIA+vNAOfTo62/xETfB9K8IX/8Nku4dChsC5LPiMa\r\nuXjv09eKNnGG0oNY5A3cgZEUJMmFOU9JRNs=\r\n-----END CERTIFICATE-----\r\n",
            "certificate_chain": null,
            "domain_name": "acucaraccia.kom",
            "domain_validation_options": [],
            "early_renewal_duration": "",
            "id": "arn:aws:acm:eu-central-1:116914611070:certificate/809a1308-40b0-4773-8244-e558ee21f263",
            "key_algorithm": "RSA_2048",
            "not_after": "2026-12-20T16:15:20Z",
            "not_before": "2025-12-20T16:15:20Z",
            "options": [
              {
                "certificate_transparency_logging_preference": "DISABLED",
                "export": "DISABLED"
              }
            ],
            "pending_renewal": false,
            "private_key": "-----BEGIN PRIVATE KEY-----\r\nMIIEvQIBADANBgkqhkiG9w0BAQEFAASCBKcwggSjAgEAAoIBAQC3mM1PDLVKLGbz\r\np0U3xJAY/g9n/aM5Z5B21hIFEtQlYPUXbuWVmiZKmVVRv7xi6CCzxtei9Ck82tlv\r\ngoGqnob4x3g1IbwMXEKxtQsobanqNJRbzEZMeOH8CTAnj0QzVQToTE/3FvY1QICa\r\nCz8iXfsbwcm5y7J0iB//m8xLN/JRQGrSHiiVes/+jQ7fmCIYZyTYH0RkUZ+8WecA\r\n+gfKdITEiuaA+qeOS7srXuQ1aNyHlZ7GbjRkb2K1mlRI4C3290WlprLIYnbPn903\r\nBayr1KztSPSvnQInzc7L+11EtEkEb/9TfLFnqIvC0oUJW6BhhdqO3zR2nf4+ZUOO\r\nE0mPWP2vAgMBAAECggEAELl4qmTL9u/IiRWJtqTPQ5eRK7XtMoN+o3Sou5GVhbop\r\nWXMestwR9OW24fWHYbMnl3jbl9qKDyMYf5Hx4esC/JKfHqfuC2o0ISAO3iXvPoh/\r\no0UeekTgwSbNHi1s1wg9pDOfbTDISN2RWXcAz06kW0jx6Vzm6rqjv5MfrxJvnnsJ\r\n2noz1jWIgeLi9fcdYk2FNiqAc2LtPOnEgzOhNKUvkUJ9EoTrFuasnnfwxWHZlGyd\r\nH07Nydgk9mrJ/kMlSQeqQVBbjDR8Vv1skXEjF7CRGeEbqxZ1Q34gYAcrfTRA69Ff\r\nxbhqkS1m8g/NRjNwoJjbOWy5drYYn/LQWKJ480ZYcQKBgQD53M48ETBv6q3vBbb0\r\n9W7sJEpOLUX8L/PvK526ErtGdi/mpsqftpbXuu5Ll3GfyJU9j8uCxQp8g33I6tSu\r\n+W0eocR50/cXvlDaFWfGfuwL6WVoBwjOcsR7l9NGEpUMr1FBF9Cwe2NUa0f0pawC\r\nd9dqmFNbeRvRUpLp8f8tyfFp6wKBgQC8G01sXtboosb9KqoPJRMr7/ajzWnHZ2RH\r\nCT2VUTiXTt4dkYwn7OZkzidjTVKeVOfJEyIW4UMo+voi3S5rr7ZvsxHIlQzsgwoU\r\nEzitR5hoTqobs40Rk3GeEUVbMGr1UYFjG1TbYGTFeQrOkRv8E/v5V4ujU83YnXWK\r\n8lH19fnmTQKBgGmfZa8OtSMaWZyJFeZHOjSowqB5kvQgcUXRckOOV4xZubYPG+iY\r\nDvvzEXjy9B1PdYcomicVlHE+RJYCbxXoarBgQeYeLH3k/diy48ONM8t1RmDLWHWt\r\nHlIAxFcC0+8gzYBuyNFR15OAJlLNFgGVF4MAEXzBnXjHJ0OuAOkiTOMxAoGAG+Ds\r\nA6C2tznQxhq5o476HWvuIO7Du6LuML0E3IlyGrK8pqM4o34v00befZArK34n8Bwe\r\n1EdEfeFciyg+xgT/w+RFQXYduTvelYUXxE61Hthxy7M7uBwjHasvnUk6wOr4gyi8\r\n1dqedMnwuRa2kBCiKp03+9fizTThA9vQG+T9yY0CgYEA8mk14iy3e6M1MVrsPTAg\r\npu/EfU0Dgvin0T5HHVzJXxc/LxCxNu/U4jhz4BMGJAZQ+QR6SQx7BeLyKZpekCSz\r\nKsQF9Ea6R3lQFaGUyOueE7zZ/houu8oSlYFSa1CHTEFdsORA2vgGClRZHSF3Ttca\r\nt7PBTTRDQYDdRjYczFwwR68=\r\n-----END PRIVATE KEY-----\r\n",
            "region": "eu-central-1",
            "renewal_eligibility": "INELIGIBLE",
            "renewal_summary": [],
            "status": "ISSUED",
            "subject_alternative_names": [
              "acucaraccia.kom",
              "plm.com",
              "www.acucaraccia.kom",
              "www.plm.com"
            ],
            "tags": {},
            "tags_all": {},
            "type": "IMPORTED",
            "validation_emails": [],
            "validation_method": "NONE",
            "validation_option": []
          },
          "sensitive_attributes": [
            [
              {
                "type": "get_attr",
                "value": "private_key"
              }
            ]
          ],
          "identity_schema_version": 0,
          "identity": {
            "arn": "arn:aws:acm:eu-central-1:116914611070:certificate/809a1308-40b0-4773-8244-e558ee21f263"
          },
          "private": "bnVsbA=="
        }
      ]
    },
    {
      "mode": "managed",
      "type": "aws_autoscaling_group",
      "name": "ec2_autoscaling00",
      "provider": "provider[\"registry.terraform.io/hashicorp/aws\"]",
      "instances": [
        {
          "schema_version": 1,
          "attributes": {
            "arn": "arn:aws:autoscaling:eu-central-1:116914611070:autoScalingGroup:5a464397-5102-4f1c-9029-916cbfa9ee62:autoScalingGroupName/ec2_autoscaling00",
            "availability_zone_distribution": [
              {
                "capacity_distribution_strategy": "balanced-best-effort"
              }
            ],
            "availability_zones": [
              "eu-central-1a",
              "eu-central-1b",
              "eu-central-1c"
            ],
            "capacity_rebalance": false,
            "capacity_reservation_specification": [
              {
                "capacity_reservation_preference": "default",
                "capacity_reservation_target": []
              }
            ],
            "context": "",
            "default_cooldown": 300,
            "default_instance_warmup": 0,
            "desired_capacity": 4,
            "desired_capacity_type": "",
            "enabled_metrics": [],
            "force_delete": true,
            "force_delete_warm_pool": false,
            "health_check_grace_period": 300,
            "health_check_type": "ELB",
            "id": "ec2_autoscaling00",
            "ignore_failed_scaling_activities": false,
            "initial_lifecycle_hook": [],
            "instance_maintenance_policy": [
              {
                "max_healthy_percentage": 120,
                "min_healthy_percentage": 90
              }
            ],
            "instance_refresh": [
              {
                "preferences": [
                  {
                    "alarm_specification": [],
                    "auto_rollback": false,
                    "checkpoint_delay": "",
                    "checkpoint_percentages": [],
                    "instance_warmup": "",
                    "max_healthy_percentage": 100,
                    "min_healthy_percentage": 50,
                    "scale_in_protected_instances": "Ignore",
                    "skip_matching": false,
                    "standby_instances": "Ignore"
                  }
                ],
                "strategy": "Rolling",
                "triggers": [
                  "launch_template",
                  "tag"
                ]
              }
            ],
            "launch_configuration": "",
            "launch_template": [
              {
                "id": "lt-003112aab068cb77b",
                "name": "launch00",
                "version": ""
              }
            ],
            "load_balancers": [],
            "max_instance_lifetime": 0,
            "max_size": 5,
            "metrics_granularity": "1Minute",
            "min_elb_capacity": null,
            "min_size": 2,
            "mixed_instances_policy": [],
            "name": "ec2_autoscaling00",
            "name_prefix": "",
            "placement_group": "",
            "predicted_capacity": 0,
            "protect_from_scale_in": false,
            "region": "eu-central-1",
            "service_linked_role_arn": "arn:aws:iam::116914611070:role/aws-service-role/autoscaling.amazonaws.com/AWSServiceRoleForAutoScaling",
            "suspended_processes": [],
            "tag": [
              {
                "key": "Name",
                "propagate_at_launch": true,
                "value": "autoscaling00 v0.02"
              }
            ],
            "target_group_arns": [
              "arn:aws:elasticloadbalancing:eu-central-1:116914611070:targetgroup/lb-target-group00/57b6b5bb0a2ea205"
            ],
            "termination_policies": [],
            "timeouts": null,
            "traffic_source": [
              {
                "identifier": "arn:aws:elasticloadbalancing:eu-central-1:116914611070:targetgroup/lb-target-group00/57b6b5bb0a2ea205",
                "type": "elbv2"
              }
            ],
            "vpc_zone_identifier": [
              "subnet-0166e7ff87f77822b",
              "subnet-03632707853315aa3",
              "subnet-054b1f5d3bbf3132a"
            ],
            "wait_for_capacity_timeout": "10m",
            "wait_for_elb_capacity": null,
            "warm_pool": [],
            "warm_pool_size": 0
          },
          "sensitive_attributes": [],
          "identity_schema_version": 0,
          "private": "eyJlMmJmYjczMC1lY2FhLTExZTYtOGY4OC0zNDM2M2JjN2M0YzAiOnsiZGVsZXRlIjo2MDAwMDAwMDAwMDAsInVwZGF0ZSI6NjAwMDAwMDAwMDAwfSwic2NoZW1hX3ZlcnNpb24iOiIxIn0=",
          "dependencies": [
            "aws_launch_template.launch00",
            "aws_lb_target_group.lb_target_group00",
            "aws_security_group.sg00",
            "aws_subnet.privsubnet00a",
            "aws_subnet.privsubnet00b",
            "aws_subnet.privsubnet00c",
            "aws_vpc.vpc00"
          ]
        }
      ]
    },
    {
      "mode": "managed",
      "type": "aws_eip",
      "name": "bastion00_eip",
      "provider": "provider[\"registry.terraform.io/hashicorp/aws\"]",
      "instances": [
        {
          "schema_version": 0,
          "attributes": {
            "address": null,
            "allocation_id": "eipalloc-082f688c4f50a6c39",
            "arn": "arn:aws:ec2:eu-central-1:116914611070:elastic-ip/eipalloc-082f688c4f50a6c39",
            "associate_with_private_ip": null,
            "association_id": "eipassoc-018fe019b0d76c264",
            "carrier_ip": "",
            "customer_owned_ip": "",
            "customer_owned_ipv4_pool": "",
            "domain": "vpc",
            "id": "eipalloc-082f688c4f50a6c39",
            "instance": "i-0269f2ab96e4cecbf",
            "ipam_pool_id": null,
            "network_border_group": "eu-central-1",
            "network_interface": "eni-0ab01e76d6fd3696d",
            "private_dns": "ip-10-0-255-10.eu-central-1.compute.internal",
            "private_ip": "10.0.255.10",
            "ptr_record": "",
            "public_dns": "ec2-3-69-112-129.eu-central-1.compute.amazonaws.com",
            "public_ip": "3.69.112.129",
            "public_ipv4_pool": "amazon",
            "region": "eu-central-1",
            "tags": {},
            "tags_all": {},
            "timeouts": null
          },
          "sensitive_attributes": [],
          "identity_schema_version": 0,
          "private": "eyJlMmJmYjczMC1lY2FhLTExZTYtOGY4OC0zNDM2M2JjN2M0YzAiOnsiZGVsZXRlIjoxODAwMDAwMDAwMDAsInJlYWQiOjkwMDAwMDAwMDAwMCwidXBkYXRlIjozMDAwMDAwMDAwMDB9fQ=="
        }
      ]
    },
    {
      "mode": "managed",
      "type": "aws_eip_association",
      "name": "bastion00_eip_assoc",
      "provider": "provider[\"registry.terraform.io/hashicorp/aws\"]",
      "instances": [
        {
          "schema_version": 0,
          "attributes": {
            "allocation_id": "eipalloc-082f688c4f50a6c39",
            "allow_reassociation": null,
            "id": "eipassoc-018fe019b0d76c264",
            "instance_id": "i-0269f2ab96e4cecbf",
            "network_interface_id": "eni-0ab01e76d6fd3696d",
            "private_ip_address": "10.0.255.10",
            "public_ip": "3.69.112.129",
            "region": "eu-central-1"
          },
          "sensitive_attributes": [],
          "identity_schema_version": 0,
          "private": "bnVsbA==",
          "dependencies": [
            "aws_eip.bastion00_eip",
            "aws_network_interface.d13-bastionn_iface00",
            "aws_security_group.sg00",
            "aws_subnet.publicsubnet00a",
            "aws_vpc.vpc00"
          ]
        }
      ]
    },
    {
      "mode": "managed",
      "type": "aws_instance",
      "name": "d13-bastionn",
      "provider": "provider[\"registry.terraform.io/hashicorp/aws\"]",
      "instances": [
        {
          "schema_version": 2,
          "attributes": {
            "ami": "ami-00ebb2b898eebe380",
            "arn": "arn:aws:ec2:eu-central-1:116914611070:instance/i-0269f2ab96e4cecbf",
            "associate_public_ip_address": true,
            "availability_zone": "eu-central-1a",
            "capacity_reservation_specification": [
              {
                "capacity_reservation_preference": "open",
                "capacity_reservation_target": []
              }
            ],
            "cpu_options": [
              {
                "amd_sev_snp": "",
                "core_count": 1,
                "threads_per_core": 2
              }
            ],
            "credit_specification": [
              {
                "cpu_credits": "unlimited"
              }
            ],
            "disable_api_stop": false,
            "disable_api_termination": false,
            "ebs_block_device": [],
            "ebs_optimized": false,
            "enable_primary_ipv6": null,
            "enclave_options": [
              {
                "enabled": false
              }
            ],
            "ephemeral_block_device": [],
            "force_destroy": false,
            "get_password_data": false,
            "hibernation": false,
            "host_id": "",
            "host_resource_group_arn": null,
            "iam_instance_profile": "",
            "id": "i-0269f2ab96e4cecbf",
            "instance_initiated_shutdown_behavior": "stop",
            "instance_lifecycle": "",
            "instance_market_options": [],
            "instance_state": "running",
            "instance_type": "t3.nano",
            "ipv6_address_count": 0,
            "ipv6_addresses": [],
            "key_name": "AWS_RSA01-oracle",
            "launch_template": [],
            "maintenance_options": [
              {
                "auto_recovery": "default"
              }
            ],
            "metadata_options": [
              {
                "http_endpoint": "enabled",
                "http_protocol_ipv6": "disabled",
                "http_put_response_hop_limit": 1,
                "http_tokens": "optional",
                "instance_metadata_tags": "disabled"
              }
            ],
            "monitoring": false,
            "network_interface": [],
            "outpost_arn": "",
            "password_data": "",
            "placement_group": "",
            "placement_group_id": "",
            "placement_partition_number": 0,
            "primary_network_interface": [
              {
                "delete_on_termination": false,
                "network_interface_id": "eni-0ab01e76d6fd3696d"
              }
            ],
            "primary_network_interface_id": "eni-0ab01e76d6fd3696d",
            "private_dns": "ip-10-0-255-10.eu-central-1.compute.internal",
            "private_dns_name_options": [
              {
                "enable_resource_name_dns_a_record": false,
                "enable_resource_name_dns_aaaa_record": false,
                "hostname_type": "ip-name"
              }
            ],
            "private_ip": "10.0.255.10",
            "public_dns": "",
            "public_ip": "3.69.112.129",
            "region": "eu-central-1",
            "root_block_device": [
              {
                "delete_on_termination": true,
                "device_name": "/dev/xvda",
                "encrypted": false,
                "iops": 3000,
                "kms_key_id": "",
                "tags": {},
                "tags_all": {},
                "throughput": 125,
                "volume_id": "vol-0aef59d1e4f63ecdc",
                "volume_size": 8,
                "volume_type": "gp3"
              }
            ],
            "secondary_private_ips": [],
            "security_groups": [],
            "source_dest_check": true,
            "spot_instance_request_id": "",
            "subnet_id": "subnet-041dc9c3f1e75f9c5",
            "tags": {
              "Name": "d13-bastionn"
            },
            "tags_all": {
              "Name": "d13-bastionn"
            },
            "tenancy": "default",
            "timeouts": null,
            "user_data": null,
            "user_data_base64": null,
            "user_data_replace_on_change": false,
            "volume_tags": null,
            "vpc_security_group_ids": [
              "sg-0bf34c571c8e68379"
            ]
          },
          "sensitive_attributes": [],
          "identity_schema_version": 0,
          "identity": {
            "account_id": "116914611070",
            "id": "i-0269f2ab96e4cecbf",
            "region": "eu-central-1"
          },
          "private": "eyJlMmJmYjczMC1lY2FhLTExZTYtOGY4OC0zNDM2M2JjN2M0YzAiOnsiY3JlYXRlIjo2MDAwMDAwMDAwMDAsImRlbGV0ZSI6MTIwMDAwMDAwMDAwMCwicmVhZCI6OTAwMDAwMDAwMDAwLCJ1cGRhdGUiOjYwMDAwMDAwMDAwMH0sInNjaGVtYV92ZXJzaW9uIjoiMiJ9",
          "dependencies": [
            "aws_network_interface.d13-bastionn_iface00",
            "aws_security_group.sg00",
            "aws_subnet.publicsubnet00a",
            "aws_vpc.vpc00"
          ]
        }
      ]
    },
    {
      "mode": "managed",
      "type": "aws_instance",
      "name": "d13a",
      "provider": "provider[\"registry.terraform.io/hashicorp/aws\"]",
      "instances": [
        {
          "schema_version": 2,
          "attributes": {
            "ami": "ami-00ebb2b898eebe380",
            "arn": "arn:aws:ec2:eu-central-1:116914611070:instance/i-084eaee2a24e5d914",
            "associate_public_ip_address": false,
            "availability_zone": "eu-central-1a",
            "capacity_reservation_specification": [
              {
                "capacity_reservation_preference": "open",
                "capacity_reservation_target": []
              }
            ],
            "cpu_options": [
              {
                "amd_sev_snp": "",
                "core_count": 1,
                "threads_per_core": 2
              }
            ],
            "credit_specification": [
              {
                "cpu_credits": "unlimited"
              }
            ],
            "disable_api_stop": false,
            "disable_api_termination": false,
            "ebs_block_device": [],
            "ebs_optimized": false,
            "enable_primary_ipv6": null,
            "enclave_options": [
              {
                "enabled": false
              }
            ],
            "ephemeral_block_device": [],
            "force_destroy": false,
            "get_password_data": false,
            "hibernation": false,
            "host_id": "",
            "host_resource_group_arn": null,
            "iam_instance_profile": "",
            "id": "i-084eaee2a24e5d914",
            "instance_initiated_shutdown_behavior": "stop",
            "instance_lifecycle": "",
            "instance_market_options": [],
            "instance_state": "running",
            "instance_type": "t3.micro",
            "ipv6_address_count": 0,
            "ipv6_addresses": [],
            "key_name": "AWS_RSA01-oracle",
            "launch_template": [],
            "maintenance_options": [
              {
                "auto_recovery": "default"
              }
            ],
            "metadata_options": [
              {
                "http_endpoint": "enabled",
                "http_protocol_ipv6": "disabled",
                "http_put_response_hop_limit": 1,
                "http_tokens": "optional",
                "instance_metadata_tags": "disabled"
              }
            ],
            "monitoring": false,
            "network_interface": [],
            "outpost_arn": "",
            "password_data": "",
            "placement_group": "",
            "placement_group_id": "",
            "placement_partition_number": 0,
            "primary_network_interface": [
              {
                "delete_on_termination": false,
                "network_interface_id": "eni-0db08a879a37f5560"
              }
            ],
            "primary_network_interface_id": "eni-0db08a879a37f5560",
            "private_dns": "ip-10-0-0-10.eu-central-1.compute.internal",
            "private_dns_name_options": [
              {
                "enable_resource_name_dns_a_record": false,
                "enable_resource_name_dns_aaaa_record": false,
                "hostname_type": "ip-name"
              }
            ],
            "private_ip": "10.0.0.10",
            "public_dns": "",
            "public_ip": "",
            "region": "eu-central-1",
            "root_block_device": [
              {
                "delete_on_termination": true,
                "device_name": "/dev/xvda",
                "encrypted": false,
                "iops": 3000,
                "kms_key_id": "",
                "tags": {},
                "tags_all": {},
                "throughput": 125,
                "volume_id": "vol-0c2575b8bc7410d63",
                "volume_size": 8,
                "volume_type": "gp3"
              }
            ],
            "secondary_private_ips": [],
            "security_groups": [],
            "source_dest_check": true,
            "spot_instance_request_id": "",
            "subnet_id": "subnet-03632707853315aa3",
            "tags": {
              "Name": "d13a-10.0.0.10"
            },
            "tags_all": {
              "Name": "d13a-10.0.0.10"
            },
            "tenancy": "default",
            "timeouts": null,
            "user_data": "#!/bin/bash\r\nprintf \"\\n\\n`date` :\\n\\n\" \u003e\u003e /tmp/user_data\r\n/usr/bin/sudo  /usr/bin/bash -c \"/usr/bin/apt -o Acquire::http::Timeout=\\\"600\\\" update \u0026\u0026 /usr/bin/sudo /usr/bin/apt install -y nginx dmidecode\" \u003e\u003e /tmp/user_data 2\u003e\u00261\r\n/usr/bin/sudo  /usr/bin/bash -c \"/usr/bin/printf \\\"`hostname` : `date` \\n\\n`dmidecode -t1`\\n\\n\\\" \u003e /var/www/html/index.html \" \u003e\u003e /tmp/user_data 2\u003e\u00261\r\n/usr/bin/sudo  /usr/bin/mkdir -p /var/www/html/acucaraccia/ \u003e\u003e /tmp/user_data 2\u003e\u00261\r\n/usr/bin/sudo  /usr/bin/bash -c \"/usr/bin/printf \\\"ACUCARAAAACIIAAAAAAAAA\\n\\n`hostname` : `date` \\n\\n`dmidecode -t1`\\n\\n\\\" \u003e /var/www/html/acucaraccia/index.html \" \u003e\u003e /tmp/user_data 2\u003e\u00261\r\n/usr/bin/sudo  /usr/bin/bash -c \"/usr/bin/systemctl enable --now nginx\" \u003e\u003e /tmp/user_data 2\u003e\u00261\r\n/usr/bin/sudo  /usr/bin/chown -R www-data:www-data /var/www \u003e\u003e /tmp/user_data 2\u003e\u00261\r\nprintf \"\\n####################################\\n\\n\" \u003e\u003e /tmp/user_data\r\n",
            "user_data_base64": null,
            "user_data_replace_on_change": true,
            "volume_tags": null,
            "vpc_security_group_ids": [
              "sg-0bf34c571c8e68379"
            ]
          },
          "sensitive_attributes": [],
          "identity_schema_version": 0,
          "identity": {
            "account_id": "116914611070",
            "id": "i-084eaee2a24e5d914",
            "region": "eu-central-1"
          },
          "private": "eyJlMmJmYjczMC1lY2FhLTExZTYtOGY4OC0zNDM2M2JjN2M0YzAiOnsiY3JlYXRlIjo2MDAwMDAwMDAwMDAsImRlbGV0ZSI6MTIwMDAwMDAwMDAwMCwicmVhZCI6OTAwMDAwMDAwMDAwLCJ1cGRhdGUiOjYwMDAwMDAwMDAwMH0sInNjaGVtYV92ZXJzaW9uIjoiMiJ9",
          "dependencies": [
            "aws_network_interface.d13a_iface00",
            "aws_security_group.sg00",
            "aws_subnet.privsubnet00a",
            "aws_vpc.vpc00"
          ]
        }
      ]
    },
    {
      "mode": "managed",
      "type": "aws_internet_gateway",
      "name": "igw00",
      "provider": "provider[\"registry.terraform.io/hashicorp/aws\"]",
      "instances": [
        {
          "schema_version": 0,
          "attributes": {
            "arn": "arn:aws:ec2:eu-central-1:116914611070:internet-gateway/igw-002132aabf1a8d392",
            "id": "igw-002132aabf1a8d392",
            "owner_id": "116914611070",
            "region": "eu-central-1",
            "tags": {
              "Name": "IGW00"
            },
            "tags_all": {
              "Name": "IGW00"
            },
            "timeouts": null,
            "vpc_id": "vpc-01f7ee6cf357c357e"
          },
          "sensitive_attributes": [],
          "identity_schema_version": 0,
          "private": "eyJlMmJmYjczMC1lY2FhLTExZTYtOGY4OC0zNDM2M2JjN2M0YzAiOnsiY3JlYXRlIjoxMjAwMDAwMDAwMDAwLCJkZWxldGUiOjEyMDAwMDAwMDAwMDAsInVwZGF0ZSI6MTIwMDAwMDAwMDAwMH19",
          "dependencies": [
            "aws_vpc.vpc00"
          ]
        }
      ]
    },
    {
      "mode": "managed",
      "type": "aws_launch_template",
      "name": "launch00",
      "provider": "provider[\"registry.terraform.io/hashicorp/aws\"]",
      "instances": [
        {
          "schema_version": 1,
          "attributes": {
            "arn": "arn:aws:ec2:eu-central-1:116914611070:launch-template/lt-003112aab068cb77b",
            "block_device_mappings": [
              {
                "device_name": "/dev/sdx",
                "ebs": [
                  {
                    "delete_on_termination": "",
                    "encrypted": "",
                    "iops": 0,
                    "kms_key_id": "",
                    "snapshot_id": "",
                    "throughput": 0,
                    "volume_initialization_rate": 0,
                    "volume_size": 20,
                    "volume_type": ""
                  }
                ],
                "no_device": "",
                "virtual_name": ""
              }
            ],
            "capacity_reservation_specification": [
              {
                "capacity_reservation_preference": "open",
                "capacity_reservation_target": []
              }
            ],
            "cpu_options": [
              {
                "amd_sev_snp": "",
                "core_count": 1,
                "threads_per_core": 2
              }
            ],
            "credit_specification": [
              {
                "cpu_credits": "standard"
              }
            ],
            "default_version": 1,
            "description": "",
            "disable_api_stop": false,
            "disable_api_termination": false,
            "ebs_optimized": "true",
            "enclave_options": [],
            "hibernation_options": [],
            "iam_instance_profile": [],
            "id": "lt-003112aab068cb77b",
            "image_id": "ami-00ebb2b898eebe380",
            "instance_initiated_shutdown_behavior": "",
            "instance_market_options": [
              {
                "market_type": "spot",
                "spot_options": []
              }
            ],
            "instance_requirements": [],
            "instance_type": "t3.small",
            "kernel_id": "",
            "key_name": "AWS_RSA01-oracle",
            "latest_version": 2,
            "license_specification": [],
            "maintenance_options": [],
            "metadata_options": [
              {
                "http_endpoint": "enabled",
                "http_protocol_ipv6": "",
                "http_put_response_hop_limit": 1,
                "http_tokens": "required",
                "instance_metadata_tags": "enabled"
              }
            ],
            "monitoring": [
              {
                "enabled": true
              }
            ],
            "name": "launch00",
            "name_prefix": "",
            "network_interfaces": [
              {
                "associate_carrier_ip_address": "",
                "associate_public_ip_address": "",
                "connection_tracking_specification": [],
                "delete_on_termination": "",
                "description": "",
                "device_index": 0,
                "ena_srd_specification": [],
                "interface_type": "",
                "ipv4_address_count": 0,
                "ipv4_addresses": [],
                "ipv4_prefix_count": 0,
                "ipv4_prefixes": [],
                "ipv6_address_count": 0,
                "ipv6_addresses": [],
                "ipv6_prefix_count": 0,
                "ipv6_prefixes": [],
                "network_card_index": 0,
                "network_interface_id": "",
                "primary_ipv6": "",
                "private_ip_address": "",
                "security_groups": [
                  "sg-0bf34c571c8e68379"
                ],
                "subnet_id": ""
              }
            ],
            "placement": [],
            "private_dns_name_options": [],
            "ram_disk_id": "",
            "region": "eu-central-1",
            "security_group_names": [],
            "tag_specifications": [],
            "tags": {},
            "tags_all": {},
            "update_default_version": null,
            "user_data": "IyEvYmluL2Jhc2gNCnByaW50ZiAiXG5cbmBkYXRlYCA6XG5cbiIgPj4gL3RtcC91c2VyX2RhdGENCi91c3IvYmluL3N1ZG8gIC91c3IvYmluL2Jhc2ggLWMgIi91c3IvYmluL2FwdCAtbyBBY3F1aXJlOjpodHRwOjpUaW1lb3V0PVwiNjAwXCIgdXBkYXRlICYmIC91c3IvYmluL3N1ZG8gL3Vzci9iaW4vYXB0IGluc3RhbGwgLXkgbmdpbnggZG1pZGVjb2RlIiA+PiAvdG1wL3VzZXJfZGF0YSAyPiYxDQovdXNyL2Jpbi9zdWRvICAvdXNyL2Jpbi9iYXNoIC1jICIvdXNyL2Jpbi9wcmludGYgXCJgaG9zdG5hbWVgIDogYGRhdGVgIFxuXG5gZG1pZGVjb2RlIC10MWBcblxuXCIgPiAvdmFyL3d3dy9odG1sL2luZGV4Lmh0bWwgIiA+PiAvdG1wL3VzZXJfZGF0YSAyPiYxDQovdXNyL2Jpbi9zdWRvICAvdXNyL2Jpbi9ta2RpciAtcCAvdmFyL3d3dy9odG1sL2FjdWNhcmFjY2lhLyA+PiAvdG1wL3VzZXJfZGF0YSAyPiYxDQovdXNyL2Jpbi9zdWRvICAvdXNyL2Jpbi9iYXNoIC1jICIvdXNyL2Jpbi9wcmludGYgXCJBQ1VDQVJBQUFBQ0lJQUFBQUFBQUFBXG5cbmBob3N0bmFtZWAgOiBgZGF0ZWAgXG5cbmBkbWlkZWNvZGUgLXQxYFxuXG5cIiA+IC92YXIvd3d3L2h0bWwvYWN1Y2FyYWNjaWEvaW5kZXguaHRtbCAiID4+IC90bXAvdXNlcl9kYXRhIDI+JjENCi91c3IvYmluL3N1ZG8gIC91c3IvYmluL2Jhc2ggLWMgIi91c3IvYmluL3N5c3RlbWN0bCBlbmFibGUgLS1ub3cgbmdpbngiID4+IC90bXAvdXNlcl9kYXRhIDI+JjENCi91c3IvYmluL3N1ZG8gIC91c3IvYmluL2Nob3duIC1SIHd3dy1kYXRhOnd3dy1kYXRhIC92YXIvd3d3ID4+IC90bXAvdXNlcl9kYXRhIDI+JjENCnByaW50ZiAiXG4jIyMjIyMjIyMjIyMjIyMjIyMjIyMjIyMjIyMjIyMjIyMjIyNcblxuIiA+PiAvdG1wL3VzZXJfZGF0YQ0K",
            "vpc_security_group_ids": []
          },
          "sensitive_attributes": [],
          "identity_schema_version": 0,
          "private": "eyJzY2hlbWFfdmVyc2lvbiI6IjEifQ==",
          "dependencies": [
            "aws_security_group.sg00",
            "aws_vpc.vpc00"
          ],
          "create_before_destroy": true
        }
      ]
    },
    {
      "mode": "managed",
      "type": "aws_lb",
      "name": "lb00",
      "provider": "provider[\"registry.terraform.io/hashicorp/aws\"]",
      "instances": [
        {
          "schema_version": 0,
          "attributes": {
            "access_logs": [
              {
                "bucket": "",
                "enabled": false,
                "prefix": ""
              }
            ],
            "arn": "arn:aws:elasticloadbalancing:eu-central-1:116914611070:loadbalancer/app/lb00/aab9e08b2ac9018c",
            "arn_suffix": "app/lb00/aab9e08b2ac9018c",
            "client_keep_alive": 3600,
            "connection_logs": [
              {
                "bucket": "",
                "enabled": false,
                "prefix": ""
              }
            ],
            "customer_owned_ipv4_pool": "",
            "desync_mitigation_mode": "defensive",
            "dns_name": "lb00-1353610172.eu-central-1.elb.amazonaws.com",
            "dns_record_client_routing_policy": null,
            "drop_invalid_header_fields": false,
            "enable_cross_zone_load_balancing": true,
            "enable_deletion_protection": false,
            "enable_http2": true,
            "enable_tls_version_and_cipher_suite_headers": false,
            "enable_waf_fail_open": false,
            "enable_xff_client_port": false,
            "enable_zonal_shift": false,
            "enforce_security_group_inbound_rules_on_private_link_traffic": "",
            "health_check_logs": [
              {
                "bucket": "",
                "enabled": false,
                "prefix": ""
              }
            ],
            "id": "arn:aws:elasticloadbalancing:eu-central-1:116914611070:loadbalancer/app/lb00/aab9e08b2ac9018c",
            "idle_timeout": 60,
            "internal": false,
            "ip_address_type": "ipv4",
            "ipam_pools": [],
            "load_balancer_type": "application",
            "minimum_load_balancer_capacity": [],
            "name": "lb00",
            "name_prefix": "",
            "preserve_host_header": false,
            "region": "eu-central-1",
            "secondary_ips_auto_assigned_per_subnet": null,
            "security_groups": [
              "sg-0bf34c571c8e68379"
            ],
            "subnet_mapping": [
              {
                "allocation_id": "",
                "ipv6_address": "",
                "outpost_id": "",
                "private_ipv4_address": "",
                "subnet_id": "subnet-00c704047bdfbad7f"
              },
              {
                "allocation_id": "",
                "ipv6_address": "",
                "outpost_id": "",
                "private_ipv4_address": "",
                "subnet_id": "subnet-041dc9c3f1e75f9c5"
              },
              {
                "allocation_id": "",
                "ipv6_address": "",
                "outpost_id": "",
                "private_ipv4_address": "",
                "subnet_id": "subnet-08e00dac3b776f5cb"
              }
            ],
            "subnets": [
              "subnet-00c704047bdfbad7f",
              "subnet-041dc9c3f1e75f9c5",
              "subnet-08e00dac3b776f5cb"
            ],
            "tags": {},
            "tags_all": {},
            "timeouts": null,
            "vpc_id": "vpc-01f7ee6cf357c357e",
            "xff_header_processing_mode": "append",
            "zone_id": "Z215JYRZR1TBD5"
          },
          "sensitive_attributes": [],
          "identity_schema_version": 0,
          "identity": {
            "arn": "arn:aws:elasticloadbalancing:eu-central-1:116914611070:loadbalancer/app/lb00/aab9e08b2ac9018c"
          },
          "private": "eyJlMmJmYjczMC1lY2FhLTExZTYtOGY4OC0zNDM2M2JjN2M0YzAiOnsiY3JlYXRlIjo2MDAwMDAwMDAwMDAsImRlbGV0ZSI6NjAwMDAwMDAwMDAwLCJ1cGRhdGUiOjYwMDAwMDAwMDAwMH19",
          "dependencies": [
            "aws_security_group.sg00",
            "aws_subnet.publicsubnet00a",
            "aws_subnet.publicsubnet00b",
            "aws_subnet.publicsubnet00c",
            "aws_vpc.vpc00"
          ]
        }
      ]
    },
    {
      "mode": "managed",
      "type": "aws_lb_listener",
      "name": "listener00",
      "provider": "provider[\"registry.terraform.io/hashicorp/aws\"]",
      "instances": [
        {
          "schema_version": 0,
          "attributes": {
            "alpn_policy": null,
            "arn": "arn:aws:elasticloadbalancing:eu-central-1:116914611070:listener/app/lb00/aab9e08b2ac9018c/f896d75cc1c31b41",
            "certificate_arn": "arn:aws:acm:eu-central-1:116914611070:certificate/809a1308-40b0-4773-8244-e558ee21f263",
            "default_action": [
              {
                "authenticate_cognito": [],
                "authenticate_oidc": [],
                "fixed_response": [
                  {
                    "content_type": "text/plain",
                    "message_body": "404: page not found. Please try www.acucaraccia.com \u003cbr\u003e\n",
                    "status_code": "404"
                  }
                ],
                "forward": [],
                "jwt_validation": [],
                "order": 1,
                "redirect": [],
                "target_group_arn": "",
                "type": "fixed-response"
              }
            ],
            "id": "arn:aws:elasticloadbalancing:eu-central-1:116914611070:listener/app/lb00/aab9e08b2ac9018c/f896d75cc1c31b41",
            "load_balancer_arn": "arn:aws:elasticloadbalancing:eu-central-1:116914611070:loadbalancer/app/lb00/aab9e08b2ac9018c",
            "mutual_authentication": [
              {
                "advertise_trust_store_ca_names": "",
                "ignore_client_certificate_expiry": false,
                "mode": "off",
                "trust_store_arn": ""
              }
            ],
            "port": 443,
            "protocol": "HTTPS",
            "region": "eu-central-1",
            "routing_http_request_x_amzn_mtls_clientcert_header_name": "",
            "routing_http_request_x_amzn_mtls_clientcert_issuer_header_name": "",
            "routing_http_request_x_amzn_mtls_clientcert_leaf_header_name": "",
            "routing_http_request_x_amzn_mtls_clientcert_serial_number_header_name": "",
            "routing_http_request_x_amzn_mtls_clientcert_subject_header_name": "",
            "routing_http_request_x_amzn_mtls_clientcert_validity_header_name": "",
            "routing_http_request_x_amzn_tls_cipher_suite_header_name": "",
            "routing_http_request_x_amzn_tls_version_header_name": "",
            "routing_http_response_access_control_allow_credentials_header_value": "",
            "routing_http_response_access_control_allow_headers_header_value": "",
            "routing_http_response_access_control_allow_methods_header_value": "",
            "routing_http_response_access_control_allow_origin_header_value": "",
            "routing_http_response_access_control_expose_headers_header_value": "",
            "routing_http_response_access_control_max_age_header_value": "",
            "routing_http_response_content_security_policy_header_value": "",
            "routing_http_response_server_enabled": true,
            "routing_http_response_strict_transport_security_header_value": "",
            "routing_http_response_x_content_type_options_header_value": "",
            "routing_http_response_x_frame_options_header_value": "",
            "ssl_policy": "ELBSecurityPolicy-2016-08",
            "tags": {},
            "tags_all": {},
            "tcp_idle_timeout_seconds": null,
            "timeouts": null
          },
          "sensitive_attributes": [],
          "identity_schema_version": 0,
          "identity": {
            "arn": "arn:aws:elasticloadbalancing:eu-central-1:116914611070:listener/app/lb00/aab9e08b2ac9018c/f896d75cc1c31b41"
          },
          "private": "eyJlMmJmYjczMC1lY2FhLTExZTYtOGY4OC0zNDM2M2JjN2M0YzAiOnsiY3JlYXRlIjozMDAwMDAwMDAwMDAsInVwZGF0ZSI6MzAwMDAwMDAwMDAwfX0=",
          "dependencies": [
            "aws_acm_certificate.acm_certificate00",
            "aws_lb.lb00",
            "aws_security_group.sg00",
            "aws_subnet.publicsubnet00a",
            "aws_subnet.publicsubnet00b",
            "aws_subnet.publicsubnet00c",
            "aws_vpc.vpc00"
          ]
        }
      ]
    },
    {
      "mode": "managed",
      "type": "aws_lb_listener_rule",
      "name": "acucaraccia_host",
      "provider": "provider[\"registry.terraform.io/hashicorp/aws\"]",
      "instances": [
        {
          "schema_version": 0,
          "attributes": {
            "action": [
              {
                "authenticate_cognito": [],
                "authenticate_oidc": [],
                "fixed_response": [],
                "forward": [],
                "jwt_validation": [],
                "order": 1,
                "redirect": [],
                "target_group_arn": "arn:aws:elasticloadbalancing:eu-central-1:116914611070:targetgroup/lb-target-group00/57b6b5bb0a2ea205",
                "type": "forward"
              }
            ],
            "arn": "arn:aws:elasticloadbalancing:eu-central-1:116914611070:listener-rule/app/lb00/aab9e08b2ac9018c/f896d75cc1c31b41/4d460b594a3463c5",
            "condition": [
              {
                "host_header": [
                  {
                    "regex_values": [],
                    "values": [
                      "acucaraccia.com",
                      "www.acucaraccia.com"
                    ]
                  }
                ],
                "http_header": [],
                "http_request_method": [],
                "path_pattern": [],
                "query_string": [],
                "source_ip": []
              }
            ],
            "id": "arn:aws:elasticloadbalancing:eu-central-1:116914611070:listener-rule/app/lb00/aab9e08b2ac9018c/f896d75cc1c31b41/4d460b594a3463c5",
            "listener_arn": "arn:aws:elasticloadbalancing:eu-central-1:116914611070:listener/app/lb00/aab9e08b2ac9018c/f896d75cc1c31b41",
            "priority": 101,
            "region": "eu-central-1",
            "tags": {},
            "tags_all": {},
            "transform": []
          },
          "sensitive_attributes": [],
          "identity_schema_version": 0,
          "identity": {
            "arn": "arn:aws:elasticloadbalancing:eu-central-1:116914611070:listener-rule/app/lb00/aab9e08b2ac9018c/f896d75cc1c31b41/4d460b594a3463c5"
          },
          "private": "bnVsbA==",
          "dependencies": [
            "aws_acm_certificate.acm_certificate00",
            "aws_lb.lb00",
            "aws_lb_listener.listener00",
            "aws_lb_target_group.lb_target_group00",
            "aws_security_group.sg00",
            "aws_subnet.publicsubnet00a",
            "aws_subnet.publicsubnet00b",
            "aws_subnet.publicsubnet00c",
            "aws_vpc.vpc00"
          ]
        }
      ]
    },
    {
      "mode": "managed",
      "type": "aws_lb_listener_rule",
      "name": "acucaraccia_pattern",
      "provider": "provider[\"registry.terraform.io/hashicorp/aws\"]",
      "instances": [
        {
          "schema_version": 0,
          "attributes": {
            "action": [
              {
                "authenticate_cognito": [],
                "authenticate_oidc": [],
                "fixed_response": [],
                "forward": [],
                "jwt_validation": [],
                "order": 1,
                "redirect": [],
                "target_group_arn": "arn:aws:elasticloadbalancing:eu-central-1:116914611070:targetgroup/lb-target-group00/57b6b5bb0a2ea205",
                "type": "forward"
              }
            ],
            "arn": "arn:aws:elasticloadbalancing:eu-central-1:116914611070:listener-rule/app/lb00/aab9e08b2ac9018c/f896d75cc1c31b41/17246fe1daa6ae41",
            "condition": [
              {
                "host_header": [],
                "http_header": [],
                "http_request_method": [],
                "path_pattern": [
                  {
                    "regex_values": [],
                    "values": [
                      "/acucaraccia",
                      "/acucaraccia/"
                    ]
                  }
                ],
                "query_string": [],
                "source_ip": []
              }
            ],
            "id": "arn:aws:elasticloadbalancing:eu-central-1:116914611070:listener-rule/app/lb00/aab9e08b2ac9018c/f896d75cc1c31b41/17246fe1daa6ae41",
            "listener_arn": "arn:aws:elasticloadbalancing:eu-central-1:116914611070:listener/app/lb00/aab9e08b2ac9018c/f896d75cc1c31b41",
            "priority": 100,
            "region": "eu-central-1",
            "tags": {},
            "tags_all": {},
            "transform": []
          },
          "sensitive_attributes": [],
          "identity_schema_version": 0,
          "identity": {
            "arn": "arn:aws:elasticloadbalancing:eu-central-1:116914611070:listener-rule/app/lb00/aab9e08b2ac9018c/f896d75cc1c31b41/17246fe1daa6ae41"
          },
          "private": "bnVsbA==",
          "dependencies": [
            "aws_acm_certificate.acm_certificate00",
            "aws_lb.lb00",
            "aws_lb_listener.listener00",
            "aws_lb_target_group.lb_target_group00",
            "aws_security_group.sg00",
            "aws_subnet.publicsubnet00a",
            "aws_subnet.publicsubnet00b",
            "aws_subnet.publicsubnet00c",
            "aws_vpc.vpc00"
          ]
        }
      ]
    },
    {
      "mode": "managed",
      "type": "aws_lb_target_group",
      "name": "lb_target_group00",
      "provider": "provider[\"registry.terraform.io/hashicorp/aws\"]",
      "instances": [
        {
          "schema_version": 0,
          "attributes": {
            "arn": "arn:aws:elasticloadbalancing:eu-central-1:116914611070:targetgroup/lb-target-group00/57b6b5bb0a2ea205",
            "arn_suffix": "targetgroup/lb-target-group00/57b6b5bb0a2ea205",
            "connection_termination": null,
            "deregistration_delay": "300",
            "health_check": [
              {
                "enabled": true,
                "healthy_threshold": 2,
                "interval": 15,
                "matcher": "200",
                "path": "/",
                "port": "traffic-port",
                "protocol": "HTTP",
                "timeout": 3,
                "unhealthy_threshold": 2
              }
            ],
            "id": "arn:aws:elasticloadbalancing:eu-central-1:116914611070:targetgroup/lb-target-group00/57b6b5bb0a2ea205",
            "ip_address_type": "ipv4",
            "lambda_multi_value_headers_enabled": false,
            "load_balancer_arns": [
              "arn:aws:elasticloadbalancing:eu-central-1:116914611070:loadbalancer/app/lb00/aab9e08b2ac9018c"
            ],
            "load_balancing_algorithm_type": "round_robin",
            "load_balancing_anomaly_mitigation": "off",
            "load_balancing_cross_zone_enabled": "use_load_balancer_configuration",
            "name": "lb-target-group00",
            "name_prefix": "",
            "port": 80,
            "preserve_client_ip": null,
            "protocol": "HTTP",
            "protocol_version": "HTTP1",
            "proxy_protocol_v2": false,
            "region": "eu-central-1",
            "slow_start": 0,
            "stickiness": [
              {
                "cookie_duration": 86400,
                "cookie_name": "",
                "enabled": false,
                "type": "lb_cookie"
              }
            ],
            "tags": {},
            "tags_all": {},
            "target_control_port": 0,
            "target_failover": [
              {
                "on_deregistration": null,
                "on_unhealthy": null
              }
            ],
            "target_group_health": [
              {
                "dns_failover": [
                  {
                    "minimum_healthy_targets_count": "1",
                    "minimum_healthy_targets_percentage": "off"
                  }
                ],
                "unhealthy_state_routing": [
                  {
                    "minimum_healthy_targets_count": 1,
                    "minimum_healthy_targets_percentage": "off"
                  }
                ]
              }
            ],
            "target_health_state": [
              {
                "enable_unhealthy_connection_termination": null,
                "unhealthy_draining_interval": null
              }
            ],
            "target_type": "instance",
            "vpc_id": "vpc-01f7ee6cf357c357e"
          },
          "sensitive_attributes": [],
          "identity_schema_version": 0,
          "identity": {
            "arn": "arn:aws:elasticloadbalancing:eu-central-1:116914611070:targetgroup/lb-target-group00/57b6b5bb0a2ea205"
          },
          "private": "bnVsbA==",
          "dependencies": [
            "aws_vpc.vpc00"
          ]
        }
      ]
    },
    {
      "mode": "managed",
      "type": "aws_nat_gateway",
      "name": "nat00",
      "provider": "provider[\"registry.terraform.io/hashicorp/aws\"]",
      "instances": [
        {
          "schema_version": 0,
          "attributes": {
            "allocation_id": null,
            "association_id": null,
            "auto_provision_zones": "enabled",
            "auto_scaling_ips": "enabled",
            "availability_mode": "regional",
            "availability_zone_address": [],
            "connectivity_type": "public",
            "id": "nat-11b565600567d6701",
            "network_interface_id": null,
            "private_ip": null,
            "public_ip": null,
            "region": "eu-central-1",
            "regional_nat_gateway_address": [
              {
                "allocation_id": "eipalloc-0787af7b7ee45de49",
                "association_id": "eipassoc-07ed1b2151c7e958b",
                "availability_zone": "eu-central-1b",
                "availability_zone_id": "euc1-az3",
                "network_interface_id": "",
                "public_ip": "3.126.201.252",
                "status": "succeeded"
              },
              {
                "allocation_id": "eipalloc-09633630d8959c7c9",
                "association_id": "eipassoc-08b8bd9be41ee5b0a",
                "availability_zone": "eu-central-1a",
                "availability_zone_id": "euc1-az2",
                "network_interface_id": "",
                "public_ip": "35.156.151.165",
                "status": "succeeded"
              },
              {
                "allocation_id": "eipalloc-0ac4907e405312a83",
                "association_id": "eipassoc-08c8986cdb348487e",
                "availability_zone": "eu-central-1c",
                "availability_zone_id": "euc1-az1",
                "network_interface_id": "",
                "public_ip": "63.181.238.255",
                "status": "succeeded"
              }
            ],
            "regional_nat_gateway_auto_mode": "enabled",
            "route_table_id": "rtb-010ee33b6b7b7d484",
            "secondary_allocation_ids": [],
            "secondary_private_ip_address_count": null,
            "secondary_private_ip_addresses": [],
            "subnet_id": null,
            "tags": {},
            "tags_all": {},
            "timeouts": null,
            "vpc_id": "vpc-01f7ee6cf357c357e"
          },
          "sensitive_attributes": [],
          "identity_schema_version": 0,
          "private": "eyJlMmJmYjczMC1lY2FhLTExZTYtOGY4OC0zNDM2M2JjN2M0YzAiOnsiY3JlYXRlIjo2MDAwMDAwMDAwMDAsImRlbGV0ZSI6MTgwMDAwMDAwMDAwMCwidXBkYXRlIjo2MDAwMDAwMDAwMDB9fQ==",
          "dependencies": [
            "aws_vpc.vpc00"
          ]
        }
      ]
    },
    {
      "mode": "managed",
      "type": "aws_network_interface",
      "name": "d13-bastionn_iface00",
      "provider": "provider[\"registry.terraform.io/hashicorp/aws\"]",
      "instances": [
        {
          "schema_version": 0,
          "attributes": {
            "arn": "arn:aws:ec2:eu-central-1:116914611070:network-interface/eni-0ab01e76d6fd3696d",
            "attachment": [
              {
                "attachment_id": "eni-attach-0c1951744125fd7e0",
                "device_index": 0,
                "instance": "i-0269f2ab96e4cecbf",
                "network_card_index": 0
              }
            ],
            "description": "",
            "enable_primary_ipv6": null,
            "id": "eni-0ab01e76d6fd3696d",
            "interface_type": "interface",
            "ipv4_prefix_count": 0,
            "ipv4_prefixes": [],
            "ipv6_address_count": 0,
            "ipv6_address_list": [],
            "ipv6_address_list_enabled": false,
            "ipv6_addresses": [],
            "ipv6_prefix_count": 0,
            "ipv6_prefixes": [],
            "mac_address": "02:2c:92:16:24:4d",
            "outpost_arn": "",
            "owner_id": "116914611070",
            "private_dns_name": "",
            "private_ip": "10.0.255.10",
            "private_ip_list": [
              "10.0.255.10"
            ],
            "private_ip_list_enabled": false,
            "private_ips": [
              "10.0.255.10"
            ],
            "private_ips_count": 0,
            "region": "eu-central-1",
            "security_groups": [
              "sg-0bf34c571c8e68379"
            ],
            "source_dest_check": true,
            "subnet_id": "subnet-041dc9c3f1e75f9c5",
            "tags": {},
            "tags_all": {}
          },
          "sensitive_attributes": [],
          "identity_schema_version": 0,
          "private": "bnVsbA==",
          "dependencies": [
            "aws_security_group.sg00",
            "aws_subnet.publicsubnet00a",
            "aws_vpc.vpc00"
          ]
        }
      ]
    },
    {
      "mode": "managed",
      "type": "aws_network_interface",
      "name": "d13a_iface00",
      "provider": "provider[\"registry.terraform.io/hashicorp/aws\"]",
      "instances": [
        {
          "schema_version": 0,
          "attributes": {
            "arn": "arn:aws:ec2:eu-central-1:116914611070:network-interface/eni-0db08a879a37f5560",
            "attachment": [
              {
                "attachment_id": "eni-attach-026ecd407839ef399",
                "device_index": 0,
                "instance": "i-0be762930d2d573a7",
                "network_card_index": 0
              }
            ],
            "description": "",
            "enable_primary_ipv6": null,
            "id": "eni-0db08a879a37f5560",
            "interface_type": "interface",
            "ipv4_prefix_count": 0,
            "ipv4_prefixes": [],
            "ipv6_address_count": 0,
            "ipv6_address_list": [],
            "ipv6_address_list_enabled": false,
            "ipv6_addresses": [],
            "ipv6_prefix_count": 0,
            "ipv6_prefixes": [],
            "mac_address": "02:2a:00:e0:a9:9f",
            "outpost_arn": "",
            "owner_id": "116914611070",
            "private_dns_name": "",
            "private_ip": "10.0.0.10",
            "private_ip_list": [
              "10.0.0.10"
            ],
            "private_ip_list_enabled": false,
            "private_ips": [
              "10.0.0.10"
            ],
            "private_ips_count": 0,
            "region": "eu-central-1",
            "security_groups": [
              "sg-0bf34c571c8e68379"
            ],
            "source_dest_check": true,
            "subnet_id": "subnet-03632707853315aa3",
            "tags": {},
            "tags_all": {}
          },
          "sensitive_attributes": [],
          "identity_schema_version": 0,
          "private": "bnVsbA==",
          "dependencies": [
            "aws_security_group.sg00",
            "aws_subnet.privsubnet00a",
            "aws_vpc.vpc00"
          ]
        }
      ]
    },
    {
      "mode": "managed",
      "type": "aws_placement_group",
      "name": "placement_group00",
      "provider": "provider[\"registry.terraform.io/hashicorp/aws\"]",
      "instances": [
        {
          "schema_version": 0,
          "attributes": {
            "arn": "arn:aws:ec2:eu-central-1:116914611070:placement-group/placement_group00",
            "id": "placement_group00",
            "name": "placement_group00",
            "partition_count": 0,
            "placement_group_id": "pg-08f33c46b45a5bb03",
            "region": "eu-central-1",
            "spread_level": "",
            "strategy": "cluster",
            "tags": {},
            "tags_all": {}
          },
          "sensitive_attributes": [],
          "identity_schema_version": 0,
          "private": "bnVsbA=="
        }
      ]
    },
    {
      "mode": "managed",
      "type": "aws_route_table",
      "name": "igw00_rt00",
      "provider": "provider[\"registry.terraform.io/hashicorp/aws\"]",
      "instances": [
        {
          "schema_version": 0,
          "attributes": {
            "arn": "arn:aws:ec2:eu-central-1:116914611070:route-table/rtb-0f7f2e14f1450a049",
            "id": "rtb-0f7f2e14f1450a049",
            "owner_id": "116914611070",
            "propagating_vgws": [],
            "region": "eu-central-1",
            "route": [
              {
                "carrier_gateway_id": "",
                "cidr_block": "0.0.0.0/0",
                "core_network_arn": "",
                "destination_prefix_list_id": "",
                "egress_only_gateway_id": "",
                "gateway_id": "igw-002132aabf1a8d392",
                "ipv6_cidr_block": "",
                "local_gateway_id": "",
                "nat_gateway_id": "",
                "network_interface_id": "",
                "transit_gateway_id": "",
                "vpc_endpoint_id": "",
                "vpc_peering_connection_id": ""
              }
            ],
            "tags": {},
            "tags_all": {},
            "timeouts": null,
            "vpc_id": "vpc-01f7ee6cf357c357e"
          },
          "sensitive_attributes": [],
          "identity_schema_version": 0,
          "identity": {
            "account_id": "116914611070",
            "id": "rtb-0f7f2e14f1450a049",
            "region": "eu-central-1"
          },
          "private": "eyJlMmJmYjczMC1lY2FhLTExZTYtOGY4OC0zNDM2M2JjN2M0YzAiOnsiY3JlYXRlIjozMDAwMDAwMDAwMDAsImRlbGV0ZSI6MzAwMDAwMDAwMDAwLCJ1cGRhdGUiOjEyMDAwMDAwMDAwMH19",
          "dependencies": [
            "aws_internet_gateway.igw00",
            "aws_vpc.vpc00"
          ]
        }
      ]
    },
    {
      "mode": "managed",
      "type": "aws_route_table",
      "name": "nat00_rt00",
      "provider": "provider[\"registry.terraform.io/hashicorp/aws\"]",
      "instances": [
        {
          "schema_version": 0,
          "attributes": {
            "arn": "arn:aws:ec2:eu-central-1:116914611070:route-table/rtb-0b03caddde15d1625",
            "id": "rtb-0b03caddde15d1625",
            "owner_id": "116914611070",
            "propagating_vgws": [],
            "region": "eu-central-1",
            "route": [
              {
                "carrier_gateway_id": "",
                "cidr_block": "0.0.0.0/0",
                "core_network_arn": "",
                "destination_prefix_list_id": "",
                "egress_only_gateway_id": "",
                "gateway_id": "",
                "ipv6_cidr_block": "",
                "local_gateway_id": "",
                "nat_gateway_id": "nat-11b565600567d6701",
                "network_interface_id": "",
                "transit_gateway_id": "",
                "vpc_endpoint_id": "",
                "vpc_peering_connection_id": ""
              }
            ],
            "tags": {},
            "tags_all": {},
            "timeouts": null,
            "vpc_id": "vpc-01f7ee6cf357c357e"
          },
          "sensitive_attributes": [],
          "identity_schema_version": 0,
          "identity": {
            "account_id": "116914611070",
            "id": "rtb-0b03caddde15d1625",
            "region": "eu-central-1"
          },
          "private": "eyJlMmJmYjczMC1lY2FhLTExZTYtOGY4OC0zNDM2M2JjN2M0YzAiOnsiY3JlYXRlIjozMDAwMDAwMDAwMDAsImRlbGV0ZSI6MzAwMDAwMDAwMDAwLCJ1cGRhdGUiOjEyMDAwMDAwMDAwMH19",
          "dependencies": [
            "aws_nat_gateway.nat00",
            "aws_vpc.vpc00"
          ]
        }
      ]
    },
    {
      "mode": "managed",
      "type": "aws_route_table_association",
      "name": "igw00_rt00_assoc00a",
      "provider": "provider[\"registry.terraform.io/hashicorp/aws\"]",
      "instances": [
        {
          "schema_version": 0,
          "attributes": {
            "gateway_id": "",
            "id": "rtbassoc-08a7d8adb65507203",
            "region": "eu-central-1",
            "route_table_id": "rtb-0f7f2e14f1450a049",
            "subnet_id": "subnet-041dc9c3f1e75f9c5",
            "timeouts": null
          },
          "sensitive_attributes": [],
          "identity_schema_version": 0,
          "private": "eyJlMmJmYjczMC1lY2FhLTExZTYtOGY4OC0zNDM2M2JjN2M0YzAiOnsiY3JlYXRlIjozMDAwMDAwMDAwMDAsImRlbGV0ZSI6MzAwMDAwMDAwMDAwLCJ1cGRhdGUiOjEyMDAwMDAwMDAwMH19",
          "dependencies": [
            "aws_internet_gateway.igw00",
            "aws_route_table.igw00_rt00",
            "aws_subnet.publicsubnet00a",
            "aws_vpc.vpc00"
          ]
        }
      ]
    },
    {
      "mode": "managed",
      "type": "aws_route_table_association",
      "name": "igw00_rt00_assoc00b",
      "provider": "provider[\"registry.terraform.io/hashicorp/aws\"]",
      "instances": [
        {
          "schema_version": 0,
          "attributes": {
            "gateway_id": "",
            "id": "rtbassoc-094251ae762adb28e",
            "region": "eu-central-1",
            "route_table_id": "rtb-0f7f2e14f1450a049",
            "subnet_id": "subnet-00c704047bdfbad7f",
            "timeouts": null
          },
          "sensitive_attributes": [],
          "identity_schema_version": 0,
          "private": "eyJlMmJmYjczMC1lY2FhLTExZTYtOGY4OC0zNDM2M2JjN2M0YzAiOnsiY3JlYXRlIjozMDAwMDAwMDAwMDAsImRlbGV0ZSI6MzAwMDAwMDAwMDAwLCJ1cGRhdGUiOjEyMDAwMDAwMDAwMH19",
          "dependencies": [
            "aws_internet_gateway.igw00",
            "aws_route_table.igw00_rt00",
            "aws_subnet.publicsubnet00b",
            "aws_vpc.vpc00"
          ]
        }
      ]
    },
    {
      "mode": "managed",
      "type": "aws_route_table_association",
      "name": "igw00_rt00_assoc00c",
      "provider": "provider[\"registry.terraform.io/hashicorp/aws\"]",
      "instances": [
        {
          "schema_version": 0,
          "attributes": {
            "gateway_id": "",
            "id": "rtbassoc-0c722089bc10ca870",
            "region": "eu-central-1",
            "route_table_id": "rtb-0f7f2e14f1450a049",
            "subnet_id": "subnet-08e00dac3b776f5cb",
            "timeouts": null
          },
          "sensitive_attributes": [],
          "identity_schema_version": 0,
          "private": "eyJlMmJmYjczMC1lY2FhLTExZTYtOGY4OC0zNDM2M2JjN2M0YzAiOnsiY3JlYXRlIjozMDAwMDAwMDAwMDAsImRlbGV0ZSI6MzAwMDAwMDAwMDAwLCJ1cGRhdGUiOjEyMDAwMDAwMDAwMH19",
          "dependencies": [
            "aws_internet_gateway.igw00",
            "aws_route_table.igw00_rt00",
            "aws_subnet.publicsubnet00c",
            "aws_vpc.vpc00"
          ]
        }
      ]
    },
    {
      "mode": "managed",
      "type": "aws_route_table_association",
      "name": "nat00_rt00_assoc00a",
      "provider": "provider[\"registry.terraform.io/hashicorp/aws\"]",
      "instances": [
        {
          "schema_version": 0,
          "attributes": {
            "gateway_id": "",
            "id": "rtbassoc-05715f08b599ce130",
            "region": "eu-central-1",
            "route_table_id": "rtb-0b03caddde15d1625",
            "subnet_id": "subnet-03632707853315aa3",
            "timeouts": null
          },
          "sensitive_attributes": [],
          "identity_schema_version": 0,
          "private": "eyJlMmJmYjczMC1lY2FhLTExZTYtOGY4OC0zNDM2M2JjN2M0YzAiOnsiY3JlYXRlIjozMDAwMDAwMDAwMDAsImRlbGV0ZSI6MzAwMDAwMDAwMDAwLCJ1cGRhdGUiOjEyMDAwMDAwMDAwMH19",
          "dependencies": [
            "aws_nat_gateway.nat00",
            "aws_route_table.nat00_rt00",
            "aws_subnet.privsubnet00a",
            "aws_vpc.vpc00"
          ]
        }
      ]
    },
    {
      "mode": "managed",
      "type": "aws_route_table_association",
      "name": "nat00_rt00_assoc00b",
      "provider": "provider[\"registry.terraform.io/hashicorp/aws\"]",
      "instances": [
        {
          "schema_version": 0,
          "attributes": {
            "gateway_id": "",
            "id": "rtbassoc-05491a1dde4204a26",
            "region": "eu-central-1",
            "route_table_id": "rtb-0b03caddde15d1625",
            "subnet_id": "subnet-0166e7ff87f77822b",
            "timeouts": null
          },
          "sensitive_attributes": [],
          "identity_schema_version": 0,
          "private": "eyJlMmJmYjczMC1lY2FhLTExZTYtOGY4OC0zNDM2M2JjN2M0YzAiOnsiY3JlYXRlIjozMDAwMDAwMDAwMDAsImRlbGV0ZSI6MzAwMDAwMDAwMDAwLCJ1cGRhdGUiOjEyMDAwMDAwMDAwMH19",
          "dependencies": [
            "aws_nat_gateway.nat00",
            "aws_route_table.nat00_rt00",
            "aws_subnet.privsubnet00b",
            "aws_vpc.vpc00"
          ]
        }
      ]
    },
    {
      "mode": "managed",
      "type": "aws_route_table_association",
      "name": "nat00_rt00_assoc00c",
      "provider": "provider[\"registry.terraform.io/hashicorp/aws\"]",
      "instances": [
        {
          "schema_version": 0,
          "attributes": {
            "gateway_id": "",
            "id": "rtbassoc-09945182825e12007",
            "region": "eu-central-1",
            "route_table_id": "rtb-0b03caddde15d1625",
            "subnet_id": "subnet-054b1f5d3bbf3132a",
            "timeouts": null
          },
          "sensitive_attributes": [],
          "identity_schema_version": 0,
          "private": "eyJlMmJmYjczMC1lY2FhLTExZTYtOGY4OC0zNDM2M2JjN2M0YzAiOnsiY3JlYXRlIjozMDAwMDAwMDAwMDAsImRlbGV0ZSI6MzAwMDAwMDAwMDAwLCJ1cGRhdGUiOjEyMDAwMDAwMDAwMH19",
          "dependencies": [
            "aws_nat_gateway.nat00",
            "aws_route_table.nat00_rt00",
            "aws_subnet.privsubnet00c",
            "aws_vpc.vpc00"
          ]
        }
      ]
    },
    {
      "mode": "managed",
      "type": "aws_security_group",
      "name": "sg00",
      "provider": "provider[\"registry.terraform.io/hashicorp/aws\"]",
      "instances": [
        {
          "schema_version": 1,
          "attributes": {
            "arn": "arn:aws:ec2:eu-central-1:116914611070:security-group/sg-0bf34c571c8e68379",
            "description": "Ping/SSH/HTTP/HTTPS",
            "egress": [
              {
                "cidr_blocks": [
                  "0.0.0.0/0"
                ],
                "description": "",
                "from_port": 0,
                "ipv6_cidr_blocks": [],
                "prefix_list_ids": [],
                "protocol": "-1",
                "security_groups": [],
                "self": false,
                "to_port": 0
              }
            ],
            "id": "sg-0bf34c571c8e68379",
            "ingress": [
              {
                "cidr_blocks": [
                  "0.0.0.0/0"
                ],
                "description": "",
                "from_port": 22,
                "ipv6_cidr_blocks": [],
                "prefix_list_ids": [],
                "protocol": "tcp",
                "security_groups": [],
                "self": false,
                "to_port": 22
              },
              {
                "cidr_blocks": [
                  "0.0.0.0/0"
                ],
                "description": "",
                "from_port": 443,
                "ipv6_cidr_blocks": [],
                "prefix_list_ids": [],
                "protocol": "tcp",
                "security_groups": [],
                "self": false,
                "to_port": 443
              },
              {
                "cidr_blocks": [
                  "0.0.0.0/0"
                ],
                "description": "",
                "from_port": 80,
                "ipv6_cidr_blocks": [],
                "prefix_list_ids": [],
                "protocol": "tcp",
                "security_groups": [],
                "self": false,
                "to_port": 80
              },
              {
                "cidr_blocks": [
                  "0.0.0.0/0"
                ],
                "description": "",
                "from_port": 8,
                "ipv6_cidr_blocks": [],
                "prefix_list_ids": [],
                "protocol": "icmp",
                "security_groups": [],
                "self": false,
                "to_port": 0
              }
            ],
            "name": "sg00",
            "name_prefix": "",
            "owner_id": "116914611070",
            "region": "eu-central-1",
            "revoke_rules_on_delete": false,
            "tags": {},
            "tags_all": {},
            "timeouts": null,
            "vpc_id": "vpc-01f7ee6cf357c357e"
          },
          "sensitive_attributes": [],
          "identity_schema_version": 0,
          "identity": {
            "account_id": "116914611070",
            "id": "sg-0bf34c571c8e68379",
            "region": "eu-central-1"
          },
          "private": "eyJlMmJmYjczMC1lY2FhLTExZTYtOGY4OC0zNDM2M2JjN2M0YzAiOnsiY3JlYXRlIjo2MDAwMDAwMDAwMDAsImRlbGV0ZSI6OTAwMDAwMDAwMDAwfSwic2NoZW1hX3ZlcnNpb24iOiIxIn0=",
          "dependencies": [
            "aws_vpc.vpc00"
          ],
          "create_before_destroy": true
        }
      ]
    },
    {
      "mode": "managed",
      "type": "aws_subnet",
      "name": "privsubnet00a",
      "provider": "provider[\"registry.terraform.io/hashicorp/aws\"]",
      "instances": [
        {
          "schema_version": 1,
          "attributes": {
            "arn": "arn:aws:ec2:eu-central-1:116914611070:subnet/subnet-03632707853315aa3",
            "assign_ipv6_address_on_creation": false,
            "availability_zone": "eu-central-1a",
            "availability_zone_id": "euc1-az2",
            "cidr_block": "10.0.0.0/24",
            "customer_owned_ipv4_pool": "",
            "enable_dns64": false,
            "enable_lni_at_device_index": 0,
            "enable_resource_name_dns_a_record_on_launch": false,
            "enable_resource_name_dns_aaaa_record_on_launch": false,
            "id": "subnet-03632707853315aa3",
            "ipv6_cidr_block": "",
            "ipv6_cidr_block_association_id": "",
            "ipv6_native": false,
            "map_customer_owned_ip_on_launch": false,
            "map_public_ip_on_launch": false,
            "outpost_arn": "",
            "owner_id": "116914611070",
            "private_dns_hostname_type_on_launch": "ip-name",
            "region": "eu-central-1",
            "tags": {
              "Name": "privsubnet00a"
            },
            "tags_all": {
              "Name": "privsubnet00a"
            },
            "timeouts": null,
            "vpc_id": "vpc-01f7ee6cf357c357e"
          },
          "sensitive_attributes": [],
          "identity_schema_version": 0,
          "identity": {
            "account_id": "116914611070",
            "id": "subnet-03632707853315aa3",
            "region": "eu-central-1"
          },
          "private": "eyJlMmJmYjczMC1lY2FhLTExZTYtOGY4OC0zNDM2M2JjN2M0YzAiOnsiY3JlYXRlIjo2MDAwMDAwMDAwMDAsImRlbGV0ZSI6MTIwMDAwMDAwMDAwMH0sInNjaGVtYV92ZXJzaW9uIjoiMSJ9",
          "dependencies": [
            "aws_vpc.vpc00"
          ]
        }
      ]
    },
    {
      "mode": "managed",
      "type": "aws_subnet",
      "name": "privsubnet00b",
      "provider": "provider[\"registry.terraform.io/hashicorp/aws\"]",
      "instances": [
        {
          "schema_version": 1,
          "attributes": {
            "arn": "arn:aws:ec2:eu-central-1:116914611070:subnet/subnet-0166e7ff87f77822b",
            "assign_ipv6_address_on_creation": false,
            "availability_zone": "eu-central-1b",
            "availability_zone_id": "euc1-az3",
            "cidr_block": "10.0.1.0/24",
            "customer_owned_ipv4_pool": "",
            "enable_dns64": false,
            "enable_lni_at_device_index": 0,
            "enable_resource_name_dns_a_record_on_launch": false,
            "enable_resource_name_dns_aaaa_record_on_launch": false,
            "id": "subnet-0166e7ff87f77822b",
            "ipv6_cidr_block": "",
            "ipv6_cidr_block_association_id": "",
            "ipv6_native": false,
            "map_customer_owned_ip_on_launch": false,
            "map_public_ip_on_launch": false,
            "outpost_arn": "",
            "owner_id": "116914611070",
            "private_dns_hostname_type_on_launch": "ip-name",
            "region": "eu-central-1",
            "tags": {
              "Name": "privsubnet00b"
            },
            "tags_all": {
              "Name": "privsubnet00b"
            },
            "timeouts": null,
            "vpc_id": "vpc-01f7ee6cf357c357e"
          },
          "sensitive_attributes": [],
          "identity_schema_version": 0,
          "identity": {
            "account_id": "116914611070",
            "id": "subnet-0166e7ff87f77822b",
            "region": "eu-central-1"
          },
          "private": "eyJlMmJmYjczMC1lY2FhLTExZTYtOGY4OC0zNDM2M2JjN2M0YzAiOnsiY3JlYXRlIjo2MDAwMDAwMDAwMDAsImRlbGV0ZSI6MTIwMDAwMDAwMDAwMH0sInNjaGVtYV92ZXJzaW9uIjoiMSJ9",
          "dependencies": [
            "aws_vpc.vpc00"
          ]
        }
      ]
    },
    {
      "mode": "managed",
      "type": "aws_subnet",
      "name": "privsubnet00c",
      "provider": "provider[\"registry.terraform.io/hashicorp/aws\"]",
      "instances": [
        {
          "schema_version": 1,
          "attributes": {
            "arn": "arn:aws:ec2:eu-central-1:116914611070:subnet/subnet-054b1f5d3bbf3132a",
            "assign_ipv6_address_on_creation": false,
            "availability_zone": "eu-central-1c",
            "availability_zone_id": "euc1-az1",
            "cidr_block": "10.0.2.0/24",
            "customer_owned_ipv4_pool": "",
            "enable_dns64": false,
            "enable_lni_at_device_index": 0,
            "enable_resource_name_dns_a_record_on_launch": false,
            "enable_resource_name_dns_aaaa_record_on_launch": false,
            "id": "subnet-054b1f5d3bbf3132a",
            "ipv6_cidr_block": "",
            "ipv6_cidr_block_association_id": "",
            "ipv6_native": false,
            "map_customer_owned_ip_on_launch": false,
            "map_public_ip_on_launch": false,
            "outpost_arn": "",
            "owner_id": "116914611070",
            "private_dns_hostname_type_on_launch": "ip-name",
            "region": "eu-central-1",
            "tags": {
              "Name": "privsubnet00c"
            },
            "tags_all": {
              "Name": "privsubnet00c"
            },
            "timeouts": null,
            "vpc_id": "vpc-01f7ee6cf357c357e"
          },
          "sensitive_attributes": [],
          "identity_schema_version": 0,
          "identity": {
            "account_id": "116914611070",
            "id": "subnet-054b1f5d3bbf3132a",
            "region": "eu-central-1"
          },
          "private": "eyJlMmJmYjczMC1lY2FhLTExZTYtOGY4OC0zNDM2M2JjN2M0YzAiOnsiY3JlYXRlIjo2MDAwMDAwMDAwMDAsImRlbGV0ZSI6MTIwMDAwMDAwMDAwMH0sInNjaGVtYV92ZXJzaW9uIjoiMSJ9",
          "dependencies": [
            "aws_vpc.vpc00"
          ]
        }
      ]
    },
    {
      "mode": "managed",
      "type": "aws_subnet",
      "name": "publicsubnet00a",
      "provider": "provider[\"registry.terraform.io/hashicorp/aws\"]",
      "instances": [
        {
          "schema_version": 1,
          "attributes": {
            "arn": "arn:aws:ec2:eu-central-1:116914611070:subnet/subnet-041dc9c3f1e75f9c5",
            "assign_ipv6_address_on_creation": false,
            "availability_zone": "eu-central-1a",
            "availability_zone_id": "euc1-az2",
            "cidr_block": "10.0.255.0/26",
            "customer_owned_ipv4_pool": "",
            "enable_dns64": false,
            "enable_lni_at_device_index": 0,
            "enable_resource_name_dns_a_record_on_launch": false,
            "enable_resource_name_dns_aaaa_record_on_launch": false,
            "id": "subnet-041dc9c3f1e75f9c5",
            "ipv6_cidr_block": "",
            "ipv6_cidr_block_association_id": "",
            "ipv6_native": false,
            "map_customer_owned_ip_on_launch": false,
            "map_public_ip_on_launch": true,
            "outpost_arn": "",
            "owner_id": "116914611070",
            "private_dns_hostname_type_on_launch": "ip-name",
            "region": "eu-central-1",
            "tags": {
              "Name": "publicsubnet00a"
            },
            "tags_all": {
              "Name": "publicsubnet00a"
            },
            "timeouts": null,
            "vpc_id": "vpc-01f7ee6cf357c357e"
          },
          "sensitive_attributes": [],
          "identity_schema_version": 0,
          "identity": {
            "account_id": "116914611070",
            "id": "subnet-041dc9c3f1e75f9c5",
            "region": "eu-central-1"
          },
          "private": "eyJlMmJmYjczMC1lY2FhLTExZTYtOGY4OC0zNDM2M2JjN2M0YzAiOnsiY3JlYXRlIjo2MDAwMDAwMDAwMDAsImRlbGV0ZSI6MTIwMDAwMDAwMDAwMH0sInNjaGVtYV92ZXJzaW9uIjoiMSJ9",
          "dependencies": [
            "aws_vpc.vpc00"
          ]
        }
      ]
    },
    {
      "mode": "managed",
      "type": "aws_subnet",
      "name": "publicsubnet00b",
      "provider": "provider[\"registry.terraform.io/hashicorp/aws\"]",
      "instances": [
        {
          "schema_version": 1,
          "attributes": {
            "arn": "arn:aws:ec2:eu-central-1:116914611070:subnet/subnet-00c704047bdfbad7f",
            "assign_ipv6_address_on_creation": false,
            "availability_zone": "eu-central-1b",
            "availability_zone_id": "euc1-az3",
            "cidr_block": "10.0.255.64/26",
            "customer_owned_ipv4_pool": "",
            "enable_dns64": false,
            "enable_lni_at_device_index": 0,
            "enable_resource_name_dns_a_record_on_launch": false,
            "enable_resource_name_dns_aaaa_record_on_launch": false,
            "id": "subnet-00c704047bdfbad7f",
            "ipv6_cidr_block": "",
            "ipv6_cidr_block_association_id": "",
            "ipv6_native": false,
            "map_customer_owned_ip_on_launch": false,
            "map_public_ip_on_launch": true,
            "outpost_arn": "",
            "owner_id": "116914611070",
            "private_dns_hostname_type_on_launch": "ip-name",
            "region": "eu-central-1",
            "tags": {
              "Name": "publicsubnet00b"
            },
            "tags_all": {
              "Name": "publicsubnet00b"
            },
            "timeouts": null,
            "vpc_id": "vpc-01f7ee6cf357c357e"
          },
          "sensitive_attributes": [],
          "identity_schema_version": 0,
          "identity": {
            "account_id": "116914611070",
            "id": "subnet-00c704047bdfbad7f",
            "region": "eu-central-1"
          },
          "private": "eyJlMmJmYjczMC1lY2FhLTExZTYtOGY4OC0zNDM2M2JjN2M0YzAiOnsiY3JlYXRlIjo2MDAwMDAwMDAwMDAsImRlbGV0ZSI6MTIwMDAwMDAwMDAwMH0sInNjaGVtYV92ZXJzaW9uIjoiMSJ9",
          "dependencies": [
            "aws_vpc.vpc00"
          ]
        }
      ]
    },
    {
      "mode": "managed",
      "type": "aws_subnet",
      "name": "publicsubnet00c",
      "provider": "provider[\"registry.terraform.io/hashicorp/aws\"]",
      "instances": [
        {
          "schema_version": 1,
          "attributes": {
            "arn": "arn:aws:ec2:eu-central-1:116914611070:subnet/subnet-08e00dac3b776f5cb",
            "assign_ipv6_address_on_creation": false,
            "availability_zone": "eu-central-1c",
            "availability_zone_id": "euc1-az1",
            "cidr_block": "10.0.255.128/26",
            "customer_owned_ipv4_pool": "",
            "enable_dns64": false,
            "enable_lni_at_device_index": 0,
            "enable_resource_name_dns_a_record_on_launch": false,
            "enable_resource_name_dns_aaaa_record_on_launch": false,
            "id": "subnet-08e00dac3b776f5cb",
            "ipv6_cidr_block": "",
            "ipv6_cidr_block_association_id": "",
            "ipv6_native": false,
            "map_customer_owned_ip_on_launch": false,
            "map_public_ip_on_launch": true,
            "outpost_arn": "",
            "owner_id": "116914611070",
            "private_dns_hostname_type_on_launch": "ip-name",
            "region": "eu-central-1",
            "tags": {
              "Name": "publicsubnet00b"
            },
            "tags_all": {
              "Name": "publicsubnet00b"
            },
            "timeouts": null,
            "vpc_id": "vpc-01f7ee6cf357c357e"
          },
          "sensitive_attributes": [],
          "identity_schema_version": 0,
          "identity": {
            "account_id": "116914611070",
            "id": "subnet-08e00dac3b776f5cb",
            "region": "eu-central-1"
          },
          "private": "eyJlMmJmYjczMC1lY2FhLTExZTYtOGY4OC0zNDM2M2JjN2M0YzAiOnsiY3JlYXRlIjo2MDAwMDAwMDAwMDAsImRlbGV0ZSI6MTIwMDAwMDAwMDAwMH0sInNjaGVtYV92ZXJzaW9uIjoiMSJ9",
          "dependencies": [
            "aws_vpc.vpc00"
          ]
        }
      ]
    },
    {
      "mode": "managed",
      "type": "aws_vpc",
      "name": "vpc00",
      "provider": "provider[\"registry.terraform.io/hashicorp/aws\"]",
      "instances": [
        {
          "schema_version": 1,
          "attributes": {
            "arn": "arn:aws:ec2:eu-central-1:116914611070:vpc/vpc-01f7ee6cf357c357e",
            "assign_generated_ipv6_cidr_block": false,
            "cidr_block": "10.0.0.0/16",
            "default_network_acl_id": "acl-07fcf90fa28257478",
            "default_route_table_id": "rtb-03d920f568f9f90f4",
            "default_security_group_id": "sg-0f4b89ccb450e1d60",
            "dhcp_options_id": "dopt-0e9f2b366f1421245",
            "enable_dns_hostnames": false,
            "enable_dns_support": true,
            "enable_network_address_usage_metrics": false,
            "id": "vpc-01f7ee6cf357c357e",
            "instance_tenancy": "default",
            "ipv4_ipam_pool_id": null,
            "ipv4_netmask_length": null,
            "ipv6_association_id": "",
            "ipv6_cidr_block": "",
            "ipv6_cidr_block_network_border_group": "",
            "ipv6_ipam_pool_id": "",
            "ipv6_netmask_length": 0,
            "main_route_table_id": "rtb-03d920f568f9f90f4",
            "owner_id": "116914611070",
            "region": "eu-central-1",
            "tags": {
              "Name": "vpc00"
            },
            "tags_all": {
              "Name": "vpc00"
            }
          },
          "sensitive_attributes": [],
          "identity_schema_version": 0,
          "identity": {
            "account_id": "116914611070",
            "id": "vpc-01f7ee6cf357c357e",
            "region": "eu-central-1"
          },
          "private": "eyJzY2hlbWFfdmVyc2lvbiI6IjEifQ==",
          "create_before_destroy": true
        }
      ]
    },
    {
      "mode": "managed",
      "type": "aws_vpc_security_group_egress_rule",
      "name": "vpc00_egress00",
      "provider": "provider[\"registry.terraform.io/hashicorp/aws\"]",
      "instances": [
        {
          "schema_version": 0,
          "attributes": {
            "arn": "arn:aws:ec2:eu-central-1:116914611070:security-group-rule/sgr-001f1f508c67819c9",
            "cidr_ipv4": "0.0.0.0/0",
            "cidr_ipv6": null,
            "description": null,
            "from_port": null,
            "id": "sgr-001f1f508c67819c9",
            "ip_protocol": "-1",
            "prefix_list_id": null,
            "referenced_security_group_id": null,
            "region": "eu-central-1",
            "security_group_id": "sg-0bf34c571c8e68379",
            "security_group_rule_id": "sgr-001f1f508c67819c9",
            "tags": null,
            "tags_all": {},
            "to_port": null
          },
          "sensitive_attributes": [],
          "identity_schema_version": 0,
          "identity": {
            "account_id": "116914611070",
            "id": "sgr-001f1f508c67819c9",
            "region": "eu-central-1"
          },
          "dependencies": [
            "aws_security_group.sg00",
            "aws_vpc.vpc00"
          ]
        }
      ]
    },
    {
      "mode": "managed",
      "type": "aws_vpc_security_group_ingress_rule",
      "name": "HTTPS",
      "provider": "provider[\"registry.terraform.io/hashicorp/aws\"]",
      "instances": [
        {
          "schema_version": 0,
          "attributes": {
            "arn": "arn:aws:ec2:eu-central-1:116914611070:security-group-rule/sgr-0a13910d1a4555407",
            "cidr_ipv4": "0.0.0.0/0",
            "cidr_ipv6": null,
            "description": null,
            "from_port": 443,
            "id": "sgr-0a13910d1a4555407",
            "ip_protocol": "tcp",
            "prefix_list_id": null,
            "referenced_security_group_id": null,
            "region": "eu-central-1",
            "security_group_id": "sg-0bf34c571c8e68379",
            "security_group_rule_id": "sgr-0a13910d1a4555407",
            "tags": null,
            "tags_all": {},
            "to_port": 443
          },
          "sensitive_attributes": [],
          "identity_schema_version": 0,
          "identity": {
            "account_id": "116914611070",
            "id": "sgr-0a13910d1a4555407",
            "region": "eu-central-1"
          },
          "dependencies": [
            "aws_security_group.sg00",
            "aws_vpc.vpc00"
          ]
        }
      ]
    },
    {
      "mode": "managed",
      "type": "aws_vpc_security_group_ingress_rule",
      "name": "SSH",
      "provider": "provider[\"registry.terraform.io/hashicorp/aws\"]",
      "instances": [
        {
          "schema_version": 0,
          "attributes": {
            "arn": "arn:aws:ec2:eu-central-1:116914611070:security-group-rule/sgr-04f1016658890fbfa",
            "cidr_ipv4": "0.0.0.0/0",
            "cidr_ipv6": null,
            "description": null,
            "from_port": 22,
            "id": "sgr-04f1016658890fbfa",
            "ip_protocol": "tcp",
            "prefix_list_id": null,
            "referenced_security_group_id": null,
            "region": "eu-central-1",
            "security_group_id": "sg-0bf34c571c8e68379",
            "security_group_rule_id": "sgr-04f1016658890fbfa",
            "tags": null,
            "tags_all": {},
            "to_port": 22
          },
          "sensitive_attributes": [],
          "identity_schema_version": 0,
          "identity": {
            "account_id": "116914611070",
            "id": "sgr-04f1016658890fbfa",
            "region": "eu-central-1"
          },
          "dependencies": [
            "aws_security_group.sg00",
            "aws_vpc.vpc00"
          ]
        }
      ]
    },
    {
      "mode": "managed",
      "type": "aws_vpc_security_group_ingress_rule",
      "name": "http",
      "provider": "provider[\"registry.terraform.io/hashicorp/aws\"]",
      "instances": [
        {
          "schema_version": 0,
          "attributes": {
            "arn": "arn:aws:ec2:eu-central-1:116914611070:security-group-rule/sgr-0ab39555b942cddb0",
            "cidr_ipv4": "0.0.0.0/0",
            "cidr_ipv6": null,
            "description": null,
            "from_port": 80,
            "id": "sgr-0ab39555b942cddb0",
            "ip_protocol": "tcp",
            "prefix_list_id": null,
            "referenced_security_group_id": null,
            "region": "eu-central-1",
            "security_group_id": "sg-0bf34c571c8e68379",
            "security_group_rule_id": "sgr-0ab39555b942cddb0",
            "tags": null,
            "tags_all": {},
            "to_port": 80
          },
          "sensitive_attributes": [],
          "identity_schema_version": 0,
          "identity": {
            "account_id": "116914611070",
            "id": "sgr-0ab39555b942cddb0",
            "region": "eu-central-1"
          },
          "dependencies": [
            "aws_security_group.sg00",
            "aws_vpc.vpc00"
          ]
        }
      ]
    },
    {
      "mode": "managed",
      "type": "aws_vpc_security_group_ingress_rule",
      "name": "pinggus",
      "provider": "provider[\"registry.terraform.io/hashicorp/aws\"]",
      "instances": [
        {
          "schema_version": 0,
          "attributes": {
            "arn": "arn:aws:ec2:eu-central-1:116914611070:security-group-rule/sgr-09506f2de75a20913",
            "cidr_ipv4": "0.0.0.0/0",
            "cidr_ipv6": null,
            "description": null,
            "from_port": 8,
            "id": "sgr-09506f2de75a20913",
            "ip_protocol": "icmp",
            "prefix_list_id": null,
            "referenced_security_group_id": null,
            "region": "eu-central-1",
            "security_group_id": "sg-0bf34c571c8e68379",
            "security_group_rule_id": "sgr-09506f2de75a20913",
            "tags": null,
            "tags_all": {},
            "to_port": 0
          },
          "sensitive_attributes": [],
          "identity_schema_version": 0,
          "identity": {
            "account_id": "116914611070",
            "id": "sgr-09506f2de75a20913",
            "region": "eu-central-1"
          },
          "dependencies": [
            "aws_security_group.sg00",
            "aws_vpc.vpc00"
          ]
        }
      ]
    }
  ],
  "check_results": null
}
